Microsoft Visual Studio Solution File, Format Version 12.00
# Visual Studio 14
VisualStudioVersion = 14.0.25420.1
MinimumVisualStudioVersion = 10.0.40219.1
Project("{FAE04EC0-301F-11D3-BF4B-00C04F79EFBC}") = "GPAS.Logger", "GPAS.Logger\GPAS.Logger.csproj", "{7905DA86-186F-4D3B-8D13-68DF6ED7C31B}"
EndProject
Project("{FAE04EC0-301F-11D3-BF4B-00C04F79EFBC}") = "GPAS.DataImport", "DataImport\GPAS.DataImport.csproj", "{73A6E9CF-A4F9-45D3-84AD-B149C488FF6F}"
EndProject
Project("{2150E333-8FDC-42A3-9474-1A3956D46DE8}") = "Service", "Service", "{D4B1D176-74DB-47ED-80D3-A601452C8D4C}"
EndProject
Project("{2150E333-8FDC-42A3-9474-1A3956D46DE8}") = "Logic", "Logic", "{51C98DEC-56A7-42B1-8A16-5BD61DE0F44B}"
EndProject
Project("{2150E333-8FDC-42A3-9474-1A3956D46DE8}") = "Access", "Access", "{F0686E22-8B55-48DE-91CE-2022C72F7670}"
EndProject
Project("{2150E333-8FDC-42A3-9474-1A3956D46DE8}") = "Shared Liberaries", "Shared Liberaries", "{C729F5B5-1E3F-4B87-9C74-81714967A146}"
EndProject
Project("{2150E333-8FDC-42A3-9474-1A3956D46DE8}") = "Tests", "Tests", "{E829B5BD-2491-4338-9515-D7051873962E}"
EndProject
Project("{FAE04EC0-301F-11D3-BF4B-00C04F79EFBC}") = "GPAS.Dispatch.Entities", "Servers\Dispatch\Entities\GPAS.Dispatch.Entities.csproj", "{37EFB87C-D994-4AB5-BFAC-0F491223026B}"
EndProject
Project("{FAE04EC0-301F-11D3-BF4B-00C04F79EFBC}") = "GPAS.Dispatch.Entities.Concepts", "Servers\Dispatch\Entities.Concepts\GPAS.Dispatch.Entities.Concepts.csproj", "{2960B31E-4C0B-485B-A5F9-614F121FAA5B}"
EndProject
Project("{FAE04EC0-301F-11D3-BF4B-00C04F79EFBC}") = "GPAS.Dispatch.Entities.Publish", "Servers\Dispatch\Entities.Publish\GPAS.Dispatch.Entities.Publish.csproj", "{B19384B4-AA82-4A77-91AD-D094D31C994B}"
EndProject
Project("{FAE04EC0-301F-11D3-BF4B-00C04F79EFBC}") = "GPAS.Dispatch.Logic", "Servers\Dispatch\Logic\GPAS.Dispatch.Logic.csproj", "{5837E65B-FFFA-492C-9DF8-FE1285AEAE0E}"
EndProject
Project("{FAE04EC0-301F-11D3-BF4B-00C04F79EFBC}") = "GPAS.Dispatch.LogicTests", "Servers\Dispatch\LogicTests\GPAS.Dispatch.LogicTests.csproj", "{C3D17B37-C7F2-490E-B72E-600E28D85CE5}"
EndProject
Project("{FAE04EC0-301F-11D3-BF4B-00C04F79EFBC}") = "GPAS.Dispatch", "Servers\Dispatch\DispatchService\GPAS.Dispatch.csproj", "{98B0428C-429E-4233-8183-88AA5D508B50}"
EndProject
Project("{FAE04EC0-301F-11D3-BF4B-00C04F79EFBC}") = "GPAS.Dispatch.IISHost", "Servers\Dispatch\IISHost\GPAS.Dispatch.IISHost.csproj", "{D8EE62AD-E119-4DBF-B57B-2EA529D75F72}"
EndProject
Project("{FAE04EC0-301F-11D3-BF4B-00C04F79EFBC}") = "GPAS.Dispatch.ServiceAccess", "Servers\Dispatch\ServiceAccess\GPAS.Dispatch.ServiceAccess.csproj", "{AEA358C1-7576-40C7-9530-1E96CA78551A}"
EndProject
Project("{FAE04EC0-301F-11D3-BF4B-00C04F79EFBC}") = "GPAS.DataImportTests", "DataImportTests\GPAS.DataImportTests.csproj", "{D2D1CFC9-22F8-4387-92FF-AA7D03F24E49}"
EndProject
Project("{FAE04EC0-301F-11D3-BF4B-00C04F79EFBC}") = "GPAS.PropertiesValidation", "PropertiesValidation\GPAS.PropertiesValidation\GPAS.PropertiesValidation.csproj", "{7EB45CF8-E353-4284-AC19-AA1C14B525DD}"
EndProject
Project("{FAE04EC0-301F-11D3-BF4B-00C04F79EFBC}") = "GPAS.Dispatch.Entities.NLP", "Servers\Dispatch\GPAS.Dispatch.Entities.NLP\GPAS.Dispatch.Entities.NLP.csproj", "{08693780-9DF6-42FA-BF54-808DE898ACC1}"
EndProject
Project("{FAE04EC0-301F-11D3-BF4B-00C04F79EFBC}") = "GPAS.Ontology", "GPAS.Ontology\GPAS.Ontology.csproj", "{C7C4F25F-18CF-4F2F-8638-39DEB1CAFF1A}"
EndProject
Project("{FAE04EC0-301F-11D3-BF4B-00C04F79EFBC}") = "GPAS.Dispatch.GeographicalStaticLocation", "Servers\Dispatch\GeographicalStaticLocation\GPAS.Dispatch.GeographicalStaticLocation.csproj", "{04EE808F-CFFB-44F7-AC65-A61B7DE9E71F}"
EndProject
Project("{FAE04EC0-301F-11D3-BF4B-00C04F79EFBC}") = "GPAS.Dispatch.DataAccess", "Servers\Dispatch\GPAS.Dispatch.DataAccess\GPAS.Dispatch.DataAccess.csproj", "{5CFA635D-D5B7-453F-AEBF-38DD02CD3719}"
EndProject
Project("{FAE04EC0-301F-11D3-BF4B-00C04F79EFBC}") = "GPAS.AccessControl", "AccessControl\GPAS.AccessControl\GPAS.AccessControl.csproj", "{33FBBF9B-C7F4-4F91-99D9-335A18C2609D}"
EndProject
Project("{FAE04EC0-301F-11D3-BF4B-00C04F79EFBC}") = "GPAS.AccessControlTests", "AccessControl\GPAS.AccessControlTests\GPAS.AccessControlTests.csproj", "{6AF569F2-A074-408D-802E-67CBF7061053}"
EndProject
Project("{FAE04EC0-301F-11D3-BF4B-00C04F79EFBC}") = "GPAS.GeoSearch", "GPAS.GeoSearch\GPAS.GeoSearch.csproj", "{DC917467-DE53-4BAC-90A2-B241BB44623E}"
EndProject
Project("{FAE04EC0-301F-11D3-BF4B-00C04F79EFBC}") = "GPAS.FilterSearch", "FilterSearch\GPAS.FilterSearch.csproj", "{7FC50142-43A1-4ADA-8AA0-C0869D2F793C}"
EndProject
Project("{FAE04EC0-301F-11D3-BF4B-00C04F79EFBC}") = "GPAS.SearchAround", "GPAS.SearchAround\GPAS.SearchAround.csproj", "{FCB286B8-AF82-4F5D-AC9E-FD0A5A311289}"
EndProject
Project("{FAE04EC0-301F-11D3-BF4B-00C04F79EFBC}") = "GPAS.Dispatch.AdminTools", "Servers\Dispatch\AdminTools\GPAS.Dispatch.AdminTools.csproj", "{3168C66F-FCCB-4E41-87FB-0493B4A3A36B}"
EndProject
Project("{FAE04EC0-301F-11D3-BF4B-00C04F79EFBC}") = "GPAS.Utility", "GPAS.Utility\GPAS.Utility.csproj", "{000A2D3B-E6FE-4A50-BB93-FE589E3421EF}"
EndProject
Project("{FAE04EC0-301F-11D3-BF4B-00C04F79EFBC}") = "GPAS.SearchAroundTests", "GPAS.SearchAroundTests\GPAS.SearchAroundTests.csproj", "{26FA9066-6BC1-48E1-B1F6-C4BF68BE182E}"
EndProject
Project("{FAE04EC0-301F-11D3-BF4B-00C04F79EFBC}") = "GPAS.FilterSearchTests", "FilterSearchTests\GPAS.FilterSearchTests.csproj", "{29D62EF2-D34E-463F-82F1-AD768C1567ED}"
EndProject
Project("{FAE04EC0-301F-11D3-BF4B-00C04F79EFBC}") = "GPAS.UtilityTests", "GPAS.UtilityTests\GPAS.UtilityTests.csproj", "{AC850760-4335-4C60-8625-4EC5A7FD30FC}"
EndProject
Global
	GlobalSection(SolutionConfigurationPlatforms) = preSolution
		Debug|Any CPU = Debug|Any CPU
		DevelopDeployDebug|Any CPU = DevelopDeployDebug|Any CPU
		Release|Any CPU = Release|Any CPU
		TestDeployRelease|Any CPU = TestDeployRelease|Any CPU
	EndGlobalSection
	GlobalSection(ProjectConfigurationPlatforms) = postSolution
		{7905DA86-186F-4D3B-8D13-68DF6ED7C31B}.Debug|Any CPU.ActiveCfg = Debug|Any CPU
		{7905DA86-186F-4D3B-8D13-68DF6ED7C31B}.Debug|Any CPU.Build.0 = Debug|Any CPU
		{7905DA86-186F-4D3B-8D13-68DF6ED7C31B}.DevelopDeployDebug|Any CPU.ActiveCfg = Debug|Any CPU
		{7905DA86-186F-4D3B-8D13-68DF6ED7C31B}.DevelopDeployDebug|Any CPU.Build.0 = Debug|Any CPU
		{7905DA86-186F-4D3B-8D13-68DF6ED7C31B}.Release|Any CPU.ActiveCfg = Release|Any CPU
		{7905DA86-186F-4D3B-8D13-68DF6ED7C31B}.Release|Any CPU.Build.0 = Release|Any CPU
		{7905DA86-186F-4D3B-8D13-68DF6ED7C31B}.TestDeployRelease|Any CPU.ActiveCfg = Release|Any CPU
		{7905DA86-186F-4D3B-8D13-68DF6ED7C31B}.TestDeployRelease|Any CPU.Build.0 = Release|Any CPU
		{73A6E9CF-A4F9-45D3-84AD-B149C488FF6F}.Debug|Any CPU.ActiveCfg = Debug|Any CPU
		{73A6E9CF-A4F9-45D3-84AD-B149C488FF6F}.Debug|Any CPU.Build.0 = Debug|Any CPU
		{73A6E9CF-A4F9-45D3-84AD-B149C488FF6F}.DevelopDeployDebug|Any CPU.ActiveCfg = Debug|Any CPU
		{73A6E9CF-A4F9-45D3-84AD-B149C488FF6F}.DevelopDeployDebug|Any CPU.Build.0 = Debug|Any CPU
		{73A6E9CF-A4F9-45D3-84AD-B149C488FF6F}.Release|Any CPU.ActiveCfg = Release|Any CPU
		{73A6E9CF-A4F9-45D3-84AD-B149C488FF6F}.Release|Any CPU.Build.0 = Release|Any CPU
		{73A6E9CF-A4F9-45D3-84AD-B149C488FF6F}.TestDeployRelease|Any CPU.ActiveCfg = Release|Any CPU
		{73A6E9CF-A4F9-45D3-84AD-B149C488FF6F}.TestDeployRelease|Any CPU.Build.0 = Release|Any CPU
		{37EFB87C-D994-4AB5-BFAC-0F491223026B}.Debug|Any CPU.ActiveCfg = Debug|Any CPU
		{37EFB87C-D994-4AB5-BFAC-0F491223026B}.Debug|Any CPU.Build.0 = Debug|Any CPU
		{37EFB87C-D994-4AB5-BFAC-0F491223026B}.DevelopDeployDebug|Any CPU.ActiveCfg = Debug|Any CPU
		{37EFB87C-D994-4AB5-BFAC-0F491223026B}.DevelopDeployDebug|Any CPU.Build.0 = Debug|Any CPU
		{37EFB87C-D994-4AB5-BFAC-0F491223026B}.Release|Any CPU.ActiveCfg = Release|Any CPU
		{37EFB87C-D994-4AB5-BFAC-0F491223026B}.Release|Any CPU.Build.0 = Release|Any CPU
		{37EFB87C-D994-4AB5-BFAC-0F491223026B}.TestDeployRelease|Any CPU.ActiveCfg = Release|Any CPU
		{37EFB87C-D994-4AB5-BFAC-0F491223026B}.TestDeployRelease|Any CPU.Build.0 = Release|Any CPU
		{2960B31E-4C0B-485B-A5F9-614F121FAA5B}.Debug|Any CPU.ActiveCfg = Debug|Any CPU
		{2960B31E-4C0B-485B-A5F9-614F121FAA5B}.Debug|Any CPU.Build.0 = Debug|Any CPU
		{2960B31E-4C0B-485B-A5F9-614F121FAA5B}.DevelopDeployDebug|Any CPU.ActiveCfg = Debug|Any CPU
		{2960B31E-4C0B-485B-A5F9-614F121FAA5B}.DevelopDeployDebug|Any CPU.Build.0 = Debug|Any CPU
		{2960B31E-4C0B-485B-A5F9-614F121FAA5B}.Release|Any CPU.ActiveCfg = Release|Any CPU
		{2960B31E-4C0B-485B-A5F9-614F121FAA5B}.Release|Any CPU.Build.0 = Release|Any CPU
		{2960B31E-4C0B-485B-A5F9-614F121FAA5B}.TestDeployRelease|Any CPU.ActiveCfg = Release|Any CPU
		{2960B31E-4C0B-485B-A5F9-614F121FAA5B}.TestDeployRelease|Any CPU.Build.0 = Release|Any CPU
		{B19384B4-AA82-4A77-91AD-D094D31C994B}.Debug|Any CPU.ActiveCfg = Debug|Any CPU
		{B19384B4-AA82-4A77-91AD-D094D31C994B}.Debug|Any CPU.Build.0 = Debug|Any CPU
		{B19384B4-AA82-4A77-91AD-D094D31C994B}.DevelopDeployDebug|Any CPU.ActiveCfg = Debug|Any CPU
		{B19384B4-AA82-4A77-91AD-D094D31C994B}.DevelopDeployDebug|Any CPU.Build.0 = Debug|Any CPU
		{B19384B4-AA82-4A77-91AD-D094D31C994B}.Release|Any CPU.ActiveCfg = Release|Any CPU
		{B19384B4-AA82-4A77-91AD-D094D31C994B}.Release|Any CPU.Build.0 = Release|Any CPU
		{B19384B4-AA82-4A77-91AD-D094D31C994B}.TestDeployRelease|Any CPU.ActiveCfg = Release|Any CPU
		{B19384B4-AA82-4A77-91AD-D094D31C994B}.TestDeployRelease|Any CPU.Build.0 = Release|Any CPU
		{5837E65B-FFFA-492C-9DF8-FE1285AEAE0E}.Debug|Any CPU.ActiveCfg = Debug|Any CPU
		{5837E65B-FFFA-492C-9DF8-FE1285AEAE0E}.Debug|Any CPU.Build.0 = Debug|Any CPU
		{5837E65B-FFFA-492C-9DF8-FE1285AEAE0E}.DevelopDeployDebug|Any CPU.ActiveCfg = Debug|Any CPU
		{5837E65B-FFFA-492C-9DF8-FE1285AEAE0E}.DevelopDeployDebug|Any CPU.Build.0 = Debug|Any CPU
		{5837E65B-FFFA-492C-9DF8-FE1285AEAE0E}.Release|Any CPU.ActiveCfg = Release|Any CPU
		{5837E65B-FFFA-492C-9DF8-FE1285AEAE0E}.Release|Any CPU.Build.0 = Release|Any CPU
		{5837E65B-FFFA-492C-9DF8-FE1285AEAE0E}.TestDeployRelease|Any CPU.ActiveCfg = Release|Any CPU
		{5837E65B-FFFA-492C-9DF8-FE1285AEAE0E}.TestDeployRelease|Any CPU.Build.0 = Release|Any CPU
		{C3D17B37-C7F2-490E-B72E-600E28D85CE5}.Debug|Any CPU.ActiveCfg = Debug|Any CPU
		{C3D17B37-C7F2-490E-B72E-600E28D85CE5}.Debug|Any CPU.Build.0 = Debug|Any CPU
		{C3D17B37-C7F2-490E-B72E-600E28D85CE5}.DevelopDeployDebug|Any CPU.ActiveCfg = Debug|Any CPU
		{C3D17B37-C7F2-490E-B72E-600E28D85CE5}.Release|Any CPU.ActiveCfg = Release|Any CPU
		{C3D17B37-C7F2-490E-B72E-600E28D85CE5}.Release|Any CPU.Build.0 = Release|Any CPU
		{C3D17B37-C7F2-490E-B72E-600E28D85CE5}.TestDeployRelease|Any CPU.ActiveCfg = Release|Any CPU
		{98B0428C-429E-4233-8183-88AA5D508B50}.Debug|Any CPU.ActiveCfg = Debug|Any CPU
		{98B0428C-429E-4233-8183-88AA5D508B50}.Debug|Any CPU.Build.0 = Debug|Any CPU
		{98B0428C-429E-4233-8183-88AA5D508B50}.DevelopDeployDebug|Any CPU.ActiveCfg = Debug|Any CPU
		{98B0428C-429E-4233-8183-88AA5D508B50}.DevelopDeployDebug|Any CPU.Build.0 = Debug|Any CPU
		{98B0428C-429E-4233-8183-88AA5D508B50}.Release|Any CPU.ActiveCfg = Release|Any CPU
		{98B0428C-429E-4233-8183-88AA5D508B50}.Release|Any CPU.Build.0 = Release|Any CPU
		{98B0428C-429E-4233-8183-88AA5D508B50}.TestDeployRelease|Any CPU.ActiveCfg = Release|Any CPU
		{98B0428C-429E-4233-8183-88AA5D508B50}.TestDeployRelease|Any CPU.Build.0 = Release|Any CPU
		{D8EE62AD-E119-4DBF-B57B-2EA529D75F72}.Debug|Any CPU.ActiveCfg = Debug|Any CPU
		{D8EE62AD-E119-4DBF-B57B-2EA529D75F72}.Debug|Any CPU.Build.0 = Debug|Any CPU
		{D8EE62AD-E119-4DBF-B57B-2EA529D75F72}.DevelopDeployDebug|Any CPU.ActiveCfg = DevelopDeployDebug|Any CPU
		{D8EE62AD-E119-4DBF-B57B-2EA529D75F72}.DevelopDeployDebug|Any CPU.Build.0 = DevelopDeployDebug|Any CPU
		{D8EE62AD-E119-4DBF-B57B-2EA529D75F72}.Release|Any CPU.ActiveCfg = Release|Any CPU
		{D8EE62AD-E119-4DBF-B57B-2EA529D75F72}.Release|Any CPU.Build.0 = Release|Any CPU
		{D8EE62AD-E119-4DBF-B57B-2EA529D75F72}.TestDeployRelease|Any CPU.ActiveCfg = TestDeployRelease|Any CPU
		{D8EE62AD-E119-4DBF-B57B-2EA529D75F72}.TestDeployRelease|Any CPU.Build.0 = TestDeployRelease|Any CPU
		{AEA358C1-7576-40C7-9530-1E96CA78551A}.Debug|Any CPU.ActiveCfg = Debug|Any CPU
		{AEA358C1-7576-40C7-9530-1E96CA78551A}.Debug|Any CPU.Build.0 = Debug|Any CPU
		{AEA358C1-7576-40C7-9530-1E96CA78551A}.DevelopDeployDebug|Any CPU.ActiveCfg = Debug|Any CPU
		{AEA358C1-7576-40C7-9530-1E96CA78551A}.DevelopDeployDebug|Any CPU.Build.0 = Debug|Any CPU
		{AEA358C1-7576-40C7-9530-1E96CA78551A}.Release|Any CPU.ActiveCfg = Release|Any CPU
		{AEA358C1-7576-40C7-9530-1E96CA78551A}.Release|Any CPU.Build.0 = Release|Any CPU
		{AEA358C1-7576-40C7-9530-1E96CA78551A}.TestDeployRelease|Any CPU.ActiveCfg = Release|Any CPU
		{AEA358C1-7576-40C7-9530-1E96CA78551A}.TestDeployRelease|Any CPU.Build.0 = Release|Any CPU
		{D2D1CFC9-22F8-4387-92FF-AA7D03F24E49}.Debug|Any CPU.ActiveCfg = Debug|Any CPU
		{D2D1CFC9-22F8-4387-92FF-AA7D03F24E49}.Debug|Any CPU.Build.0 = Debug|Any CPU
		{D2D1CFC9-22F8-4387-92FF-AA7D03F24E49}.DevelopDeployDebug|Any CPU.ActiveCfg = Debug|Any CPU
		{D2D1CFC9-22F8-4387-92FF-AA7D03F24E49}.Release|Any CPU.ActiveCfg = Release|Any CPU
		{D2D1CFC9-22F8-4387-92FF-AA7D03F24E49}.Release|Any CPU.Build.0 = Release|Any CPU
		{D2D1CFC9-22F8-4387-92FF-AA7D03F24E49}.TestDeployRelease|Any CPU.ActiveCfg = Release|Any CPU
		{7EB45CF8-E353-4284-AC19-AA1C14B525DD}.Debug|Any CPU.ActiveCfg = Debug|Any CPU
		{7EB45CF8-E353-4284-AC19-AA1C14B525DD}.Debug|Any CPU.Build.0 = Debug|Any CPU
		{7EB45CF8-E353-4284-AC19-AA1C14B525DD}.DevelopDeployDebug|Any CPU.ActiveCfg = Debug|Any CPU
		{7EB45CF8-E353-4284-AC19-AA1C14B525DD}.DevelopDeployDebug|Any CPU.Build.0 = Debug|Any CPU
		{7EB45CF8-E353-4284-AC19-AA1C14B525DD}.Release|Any CPU.ActiveCfg = Release|Any CPU
		{7EB45CF8-E353-4284-AC19-AA1C14B525DD}.Release|Any CPU.Build.0 = Release|Any CPU
		{7EB45CF8-E353-4284-AC19-AA1C14B525DD}.TestDeployRelease|Any CPU.ActiveCfg = Release|Any CPU
		{7EB45CF8-E353-4284-AC19-AA1C14B525DD}.TestDeployRelease|Any CPU.Build.0 = Release|Any CPU
		{08693780-9DF6-42FA-BF54-808DE898ACC1}.Debug|Any CPU.ActiveCfg = Debug|Any CPU
		{08693780-9DF6-42FA-BF54-808DE898ACC1}.Debug|Any CPU.Build.0 = Debug|Any CPU
		{08693780-9DF6-42FA-BF54-808DE898ACC1}.DevelopDeployDebug|Any CPU.ActiveCfg = Debug|Any CPU
		{08693780-9DF6-42FA-BF54-808DE898ACC1}.DevelopDeployDebug|Any CPU.Build.0 = Debug|Any CPU
		{08693780-9DF6-42FA-BF54-808DE898ACC1}.Release|Any CPU.ActiveCfg = Release|Any CPU
		{08693780-9DF6-42FA-BF54-808DE898ACC1}.Release|Any CPU.Build.0 = Release|Any CPU
		{08693780-9DF6-42FA-BF54-808DE898ACC1}.TestDeployRelease|Any CPU.ActiveCfg = Release|Any CPU
		{08693780-9DF6-42FA-BF54-808DE898ACC1}.TestDeployRelease|Any CPU.Build.0 = Release|Any CPU
		{C7C4F25F-18CF-4F2F-8638-39DEB1CAFF1A}.Debug|Any CPU.ActiveCfg = Debug|Any CPU
		{C7C4F25F-18CF-4F2F-8638-39DEB1CAFF1A}.Debug|Any CPU.Build.0 = Debug|Any CPU
		{C7C4F25F-18CF-4F2F-8638-39DEB1CAFF1A}.DevelopDeployDebug|Any CPU.ActiveCfg = Debug|Any CPU
		{C7C4F25F-18CF-4F2F-8638-39DEB1CAFF1A}.DevelopDeployDebug|Any CPU.Build.0 = Debug|Any CPU
		{C7C4F25F-18CF-4F2F-8638-39DEB1CAFF1A}.Release|Any CPU.ActiveCfg = Release|Any CPU
		{C7C4F25F-18CF-4F2F-8638-39DEB1CAFF1A}.Release|Any CPU.Build.0 = Release|Any CPU
		{C7C4F25F-18CF-4F2F-8638-39DEB1CAFF1A}.TestDeployRelease|Any CPU.ActiveCfg = Release|Any CPU
		{C7C4F25F-18CF-4F2F-8638-39DEB1CAFF1A}.TestDeployRelease|Any CPU.Build.0 = Release|Any CPU
		{04EE808F-CFFB-44F7-AC65-A61B7DE9E71F}.Debug|Any CPU.ActiveCfg = Debug|Any CPU
		{04EE808F-CFFB-44F7-AC65-A61B7DE9E71F}.Debug|Any CPU.Build.0 = Debug|Any CPU
		{04EE808F-CFFB-44F7-AC65-A61B7DE9E71F}.DevelopDeployDebug|Any CPU.ActiveCfg = Debug|Any CPU
		{04EE808F-CFFB-44F7-AC65-A61B7DE9E71F}.DevelopDeployDebug|Any CPU.Build.0 = Debug|Any CPU
		{04EE808F-CFFB-44F7-AC65-A61B7DE9E71F}.Release|Any CPU.ActiveCfg = Release|Any CPU
		{04EE808F-CFFB-44F7-AC65-A61B7DE9E71F}.Release|Any CPU.Build.0 = Release|Any CPU
		{04EE808F-CFFB-44F7-AC65-A61B7DE9E71F}.TestDeployRelease|Any CPU.ActiveCfg = Release|Any CPU
		{04EE808F-CFFB-44F7-AC65-A61B7DE9E71F}.TestDeployRelease|Any CPU.Build.0 = Release|Any CPU
		{5CFA635D-D5B7-453F-AEBF-38DD02CD3719}.Debug|Any CPU.ActiveCfg = Debug|Any CPU
		{5CFA635D-D5B7-453F-AEBF-38DD02CD3719}.Debug|Any CPU.Build.0 = Debug|Any CPU
		{5CFA635D-D5B7-453F-AEBF-38DD02CD3719}.DevelopDeployDebug|Any CPU.ActiveCfg = Debug|Any CPU
		{5CFA635D-D5B7-453F-AEBF-38DD02CD3719}.DevelopDeployDebug|Any CPU.Build.0 = Debug|Any CPU
		{5CFA635D-D5B7-453F-AEBF-38DD02CD3719}.Release|Any CPU.ActiveCfg = Release|Any CPU
		{5CFA635D-D5B7-453F-AEBF-38DD02CD3719}.Release|Any CPU.Build.0 = Release|Any CPU
		{5CFA635D-D5B7-453F-AEBF-38DD02CD3719}.TestDeployRelease|Any CPU.ActiveCfg = Release|Any CPU
		{5CFA635D-D5B7-453F-AEBF-38DD02CD3719}.TestDeployRelease|Any CPU.Build.0 = Release|Any CPU
		{33FBBF9B-C7F4-4F91-99D9-335A18C2609D}.Debug|Any CPU.ActiveCfg = Debug|Any CPU
		{33FBBF9B-C7F4-4F91-99D9-335A18C2609D}.Debug|Any CPU.Build.0 = Debug|Any CPU
		{33FBBF9B-C7F4-4F91-99D9-335A18C2609D}.DevelopDeployDebug|Any CPU.ActiveCfg = Debug|Any CPU
		{33FBBF9B-C7F4-4F91-99D9-335A18C2609D}.DevelopDeployDebug|Any CPU.Build.0 = Debug|Any CPU
		{33FBBF9B-C7F4-4F91-99D9-335A18C2609D}.Release|Any CPU.ActiveCfg = Release|Any CPU
		{33FBBF9B-C7F4-4F91-99D9-335A18C2609D}.Release|Any CPU.Build.0 = Release|Any CPU
		{33FBBF9B-C7F4-4F91-99D9-335A18C2609D}.TestDeployRelease|Any CPU.ActiveCfg = Release|Any CPU
		{33FBBF9B-C7F4-4F91-99D9-335A18C2609D}.TestDeployRelease|Any CPU.Build.0 = Release|Any CPU
		{6AF569F2-A074-408D-802E-67CBF7061053}.Debug|Any CPU.ActiveCfg = Debug|Any CPU
		{6AF569F2-A074-408D-802E-67CBF7061053}.Debug|Any CPU.Build.0 = Debug|Any CPU
		{6AF569F2-A074-408D-802E-67CBF7061053}.DevelopDeployDebug|Any CPU.ActiveCfg = Debug|Any CPU
		{6AF569F2-A074-408D-802E-67CBF7061053}.Release|Any CPU.ActiveCfg = Release|Any CPU
		{6AF569F2-A074-408D-802E-67CBF7061053}.Release|Any CPU.Build.0 = Release|Any CPU
		{6AF569F2-A074-408D-802E-67CBF7061053}.TestDeployRelease|Any CPU.ActiveCfg = Release|Any CPU
		{DC917467-DE53-4BAC-90A2-B241BB44623E}.Debug|Any CPU.ActiveCfg = Debug|Any CPU
		{DC917467-DE53-4BAC-90A2-B241BB44623E}.Debug|Any CPU.Build.0 = Debug|Any CPU
		{DC917467-DE53-4BAC-90A2-B241BB44623E}.DevelopDeployDebug|Any CPU.ActiveCfg = Debug|Any CPU
		{DC917467-DE53-4BAC-90A2-B241BB44623E}.DevelopDeployDebug|Any CPU.Build.0 = Debug|Any CPU
		{DC917467-DE53-4BAC-90A2-B241BB44623E}.Release|Any CPU.ActiveCfg = Release|Any CPU
		{DC917467-DE53-4BAC-90A2-B241BB44623E}.Release|Any CPU.Build.0 = Release|Any CPU
		{DC917467-DE53-4BAC-90A2-B241BB44623E}.TestDeployRelease|Any CPU.ActiveCfg = Release|Any CPU
		{DC917467-DE53-4BAC-90A2-B241BB44623E}.TestDeployRelease|Any CPU.Build.0 = Release|Any CPU
		{7FC50142-43A1-4ADA-8AA0-C0869D2F793C}.Debug|Any CPU.ActiveCfg = Debug|Any CPU
		{7FC50142-43A1-4ADA-8AA0-C0869D2F793C}.Debug|Any CPU.Build.0 = Debug|Any CPU
		{7FC50142-43A1-4ADA-8AA0-C0869D2F793C}.DevelopDeployDebug|Any CPU.ActiveCfg = Debug|Any CPU
		{7FC50142-43A1-4ADA-8AA0-C0869D2F793C}.DevelopDeployDebug|Any CPU.Build.0 = Debug|Any CPU
		{7FC50142-43A1-4ADA-8AA0-C0869D2F793C}.Release|Any CPU.ActiveCfg = Release|Any CPU
		{7FC50142-43A1-4ADA-8AA0-C0869D2F793C}.Release|Any CPU.Build.0 = Release|Any CPU
		{7FC50142-43A1-4ADA-8AA0-C0869D2F793C}.TestDeployRelease|Any CPU.ActiveCfg = Release|Any CPU
		{7FC50142-43A1-4ADA-8AA0-C0869D2F793C}.TestDeployRelease|Any CPU.Build.0 = Release|Any CPU
		{FCB286B8-AF82-4F5D-AC9E-FD0A5A311289}.Debug|Any CPU.ActiveCfg = Debug|Any CPU
		{FCB286B8-AF82-4F5D-AC9E-FD0A5A311289}.Debug|Any CPU.Build.0 = Debug|Any CPU
		{FCB286B8-AF82-4F5D-AC9E-FD0A5A311289}.DevelopDeployDebug|Any CPU.ActiveCfg = Debug|Any CPU
		{FCB286B8-AF82-4F5D-AC9E-FD0A5A311289}.DevelopDeployDebug|Any CPU.Build.0 = Debug|Any CPU
		{FCB286B8-AF82-4F5D-AC9E-FD0A5A311289}.Release|Any CPU.ActiveCfg = Release|Any CPU
		{FCB286B8-AF82-4F5D-AC9E-FD0A5A311289}.Release|Any CPU.Build.0 = Release|Any CPU
		{FCB286B8-AF82-4F5D-AC9E-FD0A5A311289}.TestDeployRelease|Any CPU.ActiveCfg = Release|Any CPU
		{FCB286B8-AF82-4F5D-AC9E-FD0A5A311289}.TestDeployRelease|Any CPU.Build.0 = Release|Any CPU
		{3168C66F-FCCB-4E41-87FB-0493B4A3A36B}.Debug|Any CPU.ActiveCfg = Debug|Any CPU
		{3168C66F-FCCB-4E41-87FB-0493B4A3A36B}.Debug|Any CPU.Build.0 = Debug|Any CPU
		{3168C66F-FCCB-4E41-87FB-0493B4A3A36B}.DevelopDeployDebug|Any CPU.ActiveCfg = DevelopDeployDebug|Any CPU
		{3168C66F-FCCB-4E41-87FB-0493B4A3A36B}.DevelopDeployDebug|Any CPU.Build.0 = DevelopDeployDebug|Any CPU
		{3168C66F-FCCB-4E41-87FB-0493B4A3A36B}.Release|Any CPU.ActiveCfg = Release|Any CPU
		{3168C66F-FCCB-4E41-87FB-0493B4A3A36B}.Release|Any CPU.Build.0 = Release|Any CPU
		{3168C66F-FCCB-4E41-87FB-0493B4A3A36B}.TestDeployRelease|Any CPU.ActiveCfg = TestDeployRelease|Any CPU
		{3168C66F-FCCB-4E41-87FB-0493B4A3A36B}.TestDeployRelease|Any CPU.Build.0 = TestDeployRelease|Any CPU
		{000A2D3B-E6FE-4A50-BB93-FE589E3421EF}.Debug|Any CPU.ActiveCfg = Debug|Any CPU
		{000A2D3B-E6FE-4A50-BB93-FE589E3421EF}.Debug|Any CPU.Build.0 = Debug|Any CPU
		{000A2D3B-E6FE-4A50-BB93-FE589E3421EF}.DevelopDeployDebug|Any CPU.ActiveCfg = Debug|Any CPU
		{000A2D3B-E6FE-4A50-BB93-FE589E3421EF}.DevelopDeployDebug|Any CPU.Build.0 = Debug|Any CPU
		{000A2D3B-E6FE-4A50-BB93-FE589E3421EF}.Release|Any CPU.ActiveCfg = Release|Any CPU
		{000A2D3B-E6FE-4A50-BB93-FE589E3421EF}.Release|Any CPU.Build.0 = Release|Any CPU
		{000A2D3B-E6FE-4A50-BB93-FE589E3421EF}.TestDeployRelease|Any CPU.ActiveCfg = Release|Any CPU
		{000A2D3B-E6FE-4A50-BB93-FE589E3421EF}.TestDeployRelease|Any CPU.Build.0 = Release|Any CPU
		{26FA9066-6BC1-48E1-B1F6-C4BF68BE182E}.Debug|Any CPU.ActiveCfg = Debug|Any CPU
		{26FA9066-6BC1-48E1-B1F6-C4BF68BE182E}.Debug|Any CPU.Build.0 = Debug|Any CPU
		{26FA9066-6BC1-48E1-B1F6-C4BF68BE182E}.DevelopDeployDebug|Any CPU.ActiveCfg = Debug|Any CPU
		{26FA9066-6BC1-48E1-B1F6-C4BF68BE182E}.Release|Any CPU.ActiveCfg = Release|Any CPU
		{26FA9066-6BC1-48E1-B1F6-C4BF68BE182E}.Release|Any CPU.Build.0 = Release|Any CPU
		{26FA9066-6BC1-48E1-B1F6-C4BF68BE182E}.TestDeployRelease|Any CPU.ActiveCfg = Release|Any CPU
		{29D62EF2-D34E-463F-82F1-AD768C1567ED}.Debug|Any CPU.ActiveCfg = Debug|Any CPU
		{29D62EF2-D34E-463F-82F1-AD768C1567ED}.Debug|Any CPU.Build.0 = Debug|Any CPU
		{29D62EF2-D34E-463F-82F1-AD768C1567ED}.DevelopDeployDebug|Any CPU.ActiveCfg = Debug|Any CPU
		{29D62EF2-D34E-463F-82F1-AD768C1567ED}.Release|Any CPU.ActiveCfg = Release|Any CPU
		{29D62EF2-D34E-463F-82F1-AD768C1567ED}.Release|Any CPU.Build.0 = Release|Any CPU
		{29D62EF2-D34E-463F-82F1-AD768C1567ED}.TestDeployRelease|Any CPU.ActiveCfg = Release|Any CPU
		{AC850760-4335-4C60-8625-4EC5A7FD30FC}.Debug|Any CPU.ActiveCfg = Debug|Any CPU
		{AC850760-4335-4C60-8625-4EC5A7FD30FC}.Debug|Any CPU.Build.0 = Debug|Any CPU
		{AC850760-4335-4C60-8625-4EC5A7FD30FC}.DevelopDeployDebug|Any CPU.ActiveCfg = Debug|Any CPU
		{AC850760-4335-4C60-8625-4EC5A7FD30FC}.Release|Any CPU.ActiveCfg = Release|Any CPU
		{AC850760-4335-4C60-8625-4EC5A7FD30FC}.Release|Any CPU.Build.0 = Release|Any CPU
		{AC850760-4335-4C60-8625-4EC5A7FD30FC}.TestDeployRelease|Any CPU.ActiveCfg = Release|Any CPU
	EndGlobalSection
	GlobalSection(SolutionProperties) = preSolution
		HideSolutionNode = FALSE
	EndGlobalSection
	GlobalSection(NestedProjects) = preSolution
		{7905DA86-186F-4D3B-8D13-68DF6ED7C31B} = {C729F5B5-1E3F-4B87-9C74-81714967A146}
		{73A6E9CF-A4F9-45D3-84AD-B149C488FF6F} = {C729F5B5-1E3F-4B87-9C74-81714967A146}
		{37EFB87C-D994-4AB5-BFAC-0F491223026B} = {51C98DEC-56A7-42B1-8A16-5BD61DE0F44B}
		{2960B31E-4C0B-485B-A5F9-614F121FAA5B} = {51C98DEC-56A7-42B1-8A16-5BD61DE0F44B}
		{B19384B4-AA82-4A77-91AD-D094D31C994B} = {51C98DEC-56A7-42B1-8A16-5BD61DE0F44B}
		{5837E65B-FFFA-492C-9DF8-FE1285AEAE0E} = {51C98DEC-56A7-42B1-8A16-5BD61DE0F44B}
		{C3D17B37-C7F2-490E-B72E-600E28D85CE5} = {E829B5BD-2491-4338-9515-D7051873962E}
		{98B0428C-429E-4233-8183-88AA5D508B50} = {D4B1D176-74DB-47ED-80D3-A601452C8D4C}
		{D8EE62AD-E119-4DBF-B57B-2EA529D75F72} = {D4B1D176-74DB-47ED-80D3-A601452C8D4C}
		{AEA358C1-7576-40C7-9530-1E96CA78551A} = {F0686E22-8B55-48DE-91CE-2022C72F7670}
		{D2D1CFC9-22F8-4387-92FF-AA7D03F24E49} = {E829B5BD-2491-4338-9515-D7051873962E}
		{7EB45CF8-E353-4284-AC19-AA1C14B525DD} = {C729F5B5-1E3F-4B87-9C74-81714967A146}
		{08693780-9DF6-42FA-BF54-808DE898ACC1} = {51C98DEC-56A7-42B1-8A16-5BD61DE0F44B}
		{C7C4F25F-18CF-4F2F-8638-39DEB1CAFF1A} = {C729F5B5-1E3F-4B87-9C74-81714967A146}
		{04EE808F-CFFB-44F7-AC65-A61B7DE9E71F} = {F0686E22-8B55-48DE-91CE-2022C72F7670}
		{5CFA635D-D5B7-453F-AEBF-38DD02CD3719} = {F0686E22-8B55-48DE-91CE-2022C72F7670}
		{33FBBF9B-C7F4-4F91-99D9-335A18C2609D} = {C729F5B5-1E3F-4B87-9C74-81714967A146}
		{6AF569F2-A074-408D-802E-67CBF7061053} = {E829B5BD-2491-4338-9515-D7051873962E}
		{DC917467-DE53-4BAC-90A2-B241BB44623E} = {C729F5B5-1E3F-4B87-9C74-81714967A146}
		{7FC50142-43A1-4ADA-8AA0-C0869D2F793C} = {C729F5B5-1E3F-4B87-9C74-81714967A146}
		{FCB286B8-AF82-4F5D-AC9E-FD0A5A311289} = {C729F5B5-1E3F-4B87-9C74-81714967A146}
		{3168C66F-FCCB-4E41-87FB-0493B4A3A36B} = {D4B1D176-74DB-47ED-80D3-A601452C8D4C}
		{000A2D3B-E6FE-4A50-BB93-FE589E3421EF} = {C729F5B5-1E3F-4B87-9C74-81714967A146}
		{26FA9066-6BC1-48E1-B1F6-C4BF68BE182E} = {E829B5BD-2491-4338-9515-D7051873962E}
		{29D62EF2-D34E-463F-82F1-AD768C1567ED} = {E829B5BD-2491-4338-9515-D7051873962E}
		{AC850760-4335-4C60-8625-4EC5A7FD30FC} = {E829B5BD-2491-4338-9515-D7051873962E}
	EndGlobalSection
	GlobalSection(ExtensibilityGlobals) = postSolution
		SolutionGuid = {8AD4A980-4865-4B12-A424-6F97B43711D2}
	EndGlobalSection
EndGlobal
