Microsoft Visual Studio Solution File, Format Version 12.00
# Visual Studio 14
VisualStudioVersion = 14.0.25420.1
MinimumVisualStudioVersion = 10.0.40219.1
Project("{FAE04EC0-301F-11D3-BF4B-00C04F79EFBC}") = "GPAS.Horizon.Server", "Servers\Horizon\GPAS.Horizon.Server\GPAS.Horizon.Server.csproj", "{B2C9B739-B90A-4FC6-A403-E9465EC22E6E}"
EndProject
Project("{FAE04EC0-301F-11D3-BF4B-00C04F79EFBC}") = "GPAS.PropertiesValidation", "PropertiesValidation\GPAS.PropertiesValidation\GPAS.PropertiesValidation.csproj", "{7EB45CF8-E353-4284-AC19-AA1C14B525DD}"
EndProject
Project("{FAE04EC0-301F-11D3-BF4B-00C04F79EFBC}") = "GPAS.HorizonTests", "Servers\Horizon\HorizonTest\GPAS.HorizonTests.csproj", "{9562EE6C-4B15-40A5-85C2-7009954B46F9}"
EndProject
Project("{FAE04EC0-301F-11D3-BF4B-00C04F79EFBC}") = "GPAS.Logger", "GPAS.Logger\GPAS.Logger.csproj", "{7905DA86-186F-4D3B-8D13-68DF6ED7C31B}"
EndProject
Project("{2150E333-8FDC-42A3-9474-1A3956D46DE8}") = "Service Layer", "Service Layer", "{A4EE2EBF-2171-4F5F-8EBA-4B48C5481023}"
EndProject
Project("{2150E333-8FDC-42A3-9474-1A3956D46DE8}") = "Logic", "Logic", "{B758B7B7-B5C9-42F7-B2E5-6B2FAD14B5A1}"
EndProject
Project("{2150E333-8FDC-42A3-9474-1A3956D46DE8}") = "Shared Liberary", "Shared Liberary", "{CC63D3DC-DD62-4E3D-A75C-BB048CEF1E6D}"
EndProject
Project("{2150E333-8FDC-42A3-9474-1A3956D46DE8}") = "Tests", "Tests", "{569AAB29-E937-444F-A383-7FA3079F4C02}"
EndProject
Project("{2150E333-8FDC-42A3-9474-1A3956D46DE8}") = "Access Layer", "Access Layer", "{C50B4C4D-ABED-40FF-AEF2-4AFBD80B1A88}"
EndProject
Project("{FAE04EC0-301F-11D3-BF4B-00C04F79EFBC}") = "GPAS.Horizon.Access", "Servers\Horizon\GPAS.Horizon.Access\GPAS.Horizon.Access.csproj", "{5A88FDF4-F805-4AC2-93D2-7B242E18735C}"
EndProject
Project("{FAE04EC0-301F-11D3-BF4B-00C04F79EFBC}") = "GPAS.Horizon.Entities", "Servers\Horizon\GPAS.Horizon.Entities\GPAS.Horizon.Entities.csproj", "{06AA4252-4A10-484A-914D-271CAB82F72B}"
EndProject
Project("{FAE04EC0-301F-11D3-BF4B-00C04F79EFBC}") = "GPAS.Horizon.Logic", "Servers\Horizon\GPAS.Horizon.Logic\GPAS.Horizon.Logic.csproj", "{13DB3CAA-8F54-4E75-A26C-0FB522BCF895}"
EndProject
Project("{FAE04EC0-301F-11D3-BF4B-00C04F79EFBC}") = "GPAS.Horizon.IISHost", "Servers\Horizon\GPAS.Horizon.IISHost\GPAS.Horizon.IISHost.csproj", "{B5E9F59F-0402-4AF7-980B-D6F104541989}"
EndProject
Project("{FAE04EC0-301F-11D3-BF4B-00C04F79EFBC}") = "GPAS.Dispatch.Entities.Concepts", "Servers\Dispatch\Entities.Concepts\GPAS.Dispatch.Entities.Concepts.csproj", "{2960B31E-4C0B-485B-A5F9-614F121FAA5B}"
EndProject
Project("{FAE04EC0-301F-11D3-BF4B-00C04F79EFBC}") = "GPAS.Dispatch.Entities.Publish", "Servers\Dispatch\Entities.Publish\GPAS.Dispatch.Entities.Publish.csproj", "{B19384B4-AA82-4A77-91AD-D094D31C994B}"
EndProject
Project("{2150E333-8FDC-42A3-9474-1A3956D46DE8}") = "Admin Tools", "Admin Tools", "{B427A88D-FEB7-48C7-8900-6B9A59AC51F9}"
EndProject
Project("{FAE04EC0-301F-11D3-BF4B-00C04F79EFBC}") = "HorizonServerManager", "Servers\Horizon\GPAS.Horizon.AdminTools\HorizonServerManager.csproj", "{4B76BDBA-77B1-4B76-AC73-F9F6E2A7BFC0}"
EndProject
Project("{FAE04EC0-301F-11D3-BF4B-00C04F79EFBC}") = "GPAS.Ontology", "GPAS.Ontology\GPAS.Ontology.csproj", "{C7C4F25F-18CF-4F2F-8638-39DEB1CAFF1A}"
EndProject
Project("{FAE04EC0-301F-11D3-BF4B-00C04F79EFBC}") = "GPAS.AccessControl", "AccessControl\GPAS.AccessControl\GPAS.AccessControl.csproj", "{33FBBF9B-C7F4-4F91-99D9-335A18C2609D}"
EndProject
Project("{FAE04EC0-301F-11D3-BF4B-00C04F79EFBC}") = "GPAS.FilterSearch", "FilterSearch\GPAS.FilterSearch.csproj", "{7FC50142-43A1-4ADA-8AA0-C0869D2F793C}"
EndProject
Project("{FAE04EC0-301F-11D3-BF4B-00C04F79EFBC}") = "GPAS.SearchAround", "GPAS.SearchAround\GPAS.SearchAround.csproj", "{FCB286B8-AF82-4F5D-AC9E-FD0A5A311289}"
EndProject
Project("{FAE04EC0-301F-11D3-BF4B-00C04F79EFBC}") = "GPAS.Utility", "GPAS.Utility\GPAS.Utility.csproj", "{000A2D3B-E6FE-4A50-BB93-FE589E3421EF}"
EndProject
Project("{FAE04EC0-301F-11D3-BF4B-00C04F79EFBC}") = "GPAS.FilterSearchTests", "FilterSearchTests\GPAS.FilterSearchTests.csproj", "{29D62EF2-D34E-463F-82F1-AD768C1567ED}"
EndProject
Project("{FAE04EC0-301F-11D3-BF4B-00C04F79EFBC}") = "GPAS.SearchAroundTests", "GPAS.SearchAroundTests\GPAS.SearchAroundTests.csproj", "{26FA9066-6BC1-48E1-B1F6-C4BF68BE182E}"
EndProject
Project("{FAE04EC0-301F-11D3-BF4B-00C04F79EFBC}") = "GPAS.UtilityTests", "GPAS.UtilityTests\GPAS.UtilityTests.csproj", "{AC850760-4335-4C60-8625-4EC5A7FD30FC}"
EndProject
Project("{FAE04EC0-301F-11D3-BF4B-00C04F79EFBC}") = "GPAS.DataImport", "DataImport\GPAS.DataImport.csproj", "{73A6E9CF-A4F9-45D3-84AD-B149C488FF6F}"
EndProject
Project("{FAE04EC0-301F-11D3-BF4B-00C04F79EFBC}") = "GPAS.Horizon.LogicTests", "Servers\Horizon\GPAS.Horizon.LogicTests\GPAS.Horizon.LogicTests.csproj", "{AFB25943-03D6-480C-B766-DD65D38E6079}"
EndProject
Global
	GlobalSection(SolutionConfigurationPlatforms) = preSolution
		Debug|Any CPU = Debug|Any CPU
		DevelopDeployDebug|Any CPU = DevelopDeployDebug|Any CPU
		Release|Any CPU = Release|Any CPU
		TestDeployRelease|Any CPU = TestDeployRelease|Any CPU
	EndGlobalSection
	GlobalSection(ProjectConfigurationPlatforms) = postSolution
		{B2C9B739-B90A-4FC6-A403-E9465EC22E6E}.Debug|Any CPU.ActiveCfg = Debug|Any CPU
		{B2C9B739-B90A-4FC6-A403-E9465EC22E6E}.Debug|Any CPU.Build.0 = Debug|Any CPU
		{B2C9B739-B90A-4FC6-A403-E9465EC22E6E}.DevelopDeployDebug|Any CPU.ActiveCfg = Debug|Any CPU
		{B2C9B739-B90A-4FC6-A403-E9465EC22E6E}.DevelopDeployDebug|Any CPU.Build.0 = Debug|Any CPU
		{B2C9B739-B90A-4FC6-A403-E9465EC22E6E}.Release|Any CPU.ActiveCfg = Release|Any CPU
		{B2C9B739-B90A-4FC6-A403-E9465EC22E6E}.Release|Any CPU.Build.0 = Release|Any CPU
		{B2C9B739-B90A-4FC6-A403-E9465EC22E6E}.TestDeployRelease|Any CPU.ActiveCfg = Release|Any CPU
		{B2C9B739-B90A-4FC6-A403-E9465EC22E6E}.TestDeployRelease|Any CPU.Build.0 = Release|Any CPU
		{7EB45CF8-E353-4284-AC19-AA1C14B525DD}.Debug|Any CPU.ActiveCfg = Debug|Any CPU
		{7EB45CF8-E353-4284-AC19-AA1C14B525DD}.Debug|Any CPU.Build.0 = Debug|Any CPU
		{7EB45CF8-E353-4284-AC19-AA1C14B525DD}.DevelopDeployDebug|Any CPU.ActiveCfg = Debug|Any CPU
		{7EB45CF8-E353-4284-AC19-AA1C14B525DD}.DevelopDeployDebug|Any CPU.Build.0 = Debug|Any CPU
		{7EB45CF8-E353-4284-AC19-AA1C14B525DD}.Release|Any CPU.ActiveCfg = Release|Any CPU
		{7EB45CF8-E353-4284-AC19-AA1C14B525DD}.Release|Any CPU.Build.0 = Release|Any CPU
		{7EB45CF8-E353-4284-AC19-AA1C14B525DD}.TestDeployRelease|Any CPU.ActiveCfg = Release|Any CPU
		{7EB45CF8-E353-4284-AC19-AA1C14B525DD}.TestDeployRelease|Any CPU.Build.0 = Release|Any CPU
		{9562EE6C-4B15-40A5-85C2-7009954B46F9}.Debug|Any CPU.ActiveCfg = Debug|Any CPU
		{9562EE6C-4B15-40A5-85C2-7009954B46F9}.Debug|Any CPU.Build.0 = Debug|Any CPU
		{9562EE6C-4B15-40A5-85C2-7009954B46F9}.DevelopDeployDebug|Any CPU.ActiveCfg = Debug|Any CPU
		{9562EE6C-4B15-40A5-85C2-7009954B46F9}.Release|Any CPU.ActiveCfg = Release|Any CPU
		{9562EE6C-4B15-40A5-85C2-7009954B46F9}.Release|Any CPU.Build.0 = Release|Any CPU
		{9562EE6C-4B15-40A5-85C2-7009954B46F9}.TestDeployRelease|Any CPU.ActiveCfg = Release|Any CPU
		{7905DA86-186F-4D3B-8D13-68DF6ED7C31B}.Debug|Any CPU.ActiveCfg = Debug|Any CPU
		{7905DA86-186F-4D3B-8D13-68DF6ED7C31B}.Debug|Any CPU.Build.0 = Debug|Any CPU
		{7905DA86-186F-4D3B-8D13-68DF6ED7C31B}.DevelopDeployDebug|Any CPU.ActiveCfg = Debug|Any CPU
		{7905DA86-186F-4D3B-8D13-68DF6ED7C31B}.DevelopDeployDebug|Any CPU.Build.0 = Debug|Any CPU
		{7905DA86-186F-4D3B-8D13-68DF6ED7C31B}.Release|Any CPU.ActiveCfg = Release|Any CPU
		{7905DA86-186F-4D3B-8D13-68DF6ED7C31B}.Release|Any CPU.Build.0 = Release|Any CPU
		{7905DA86-186F-4D3B-8D13-68DF6ED7C31B}.TestDeployRelease|Any CPU.ActiveCfg = Release|Any CPU
		{7905DA86-186F-4D3B-8D13-68DF6ED7C31B}.TestDeployRelease|Any CPU.Build.0 = Release|Any CPU
		{5A88FDF4-F805-4AC2-93D2-7B242E18735C}.Debug|Any CPU.ActiveCfg = Debug|Any CPU
		{5A88FDF4-F805-4AC2-93D2-7B242E18735C}.Debug|Any CPU.Build.0 = Debug|Any CPU
		{5A88FDF4-F805-4AC2-93D2-7B242E18735C}.DevelopDeployDebug|Any CPU.ActiveCfg = Debug|Any CPU
		{5A88FDF4-F805-4AC2-93D2-7B242E18735C}.DevelopDeployDebug|Any CPU.Build.0 = Debug|Any CPU
		{5A88FDF4-F805-4AC2-93D2-7B242E18735C}.Release|Any CPU.ActiveCfg = Release|Any CPU
		{5A88FDF4-F805-4AC2-93D2-7B242E18735C}.Release|Any CPU.Build.0 = Release|Any CPU
		{5A88FDF4-F805-4AC2-93D2-7B242E18735C}.TestDeployRelease|Any CPU.ActiveCfg = Release|Any CPU
		{5A88FDF4-F805-4AC2-93D2-7B242E18735C}.TestDeployRelease|Any CPU.Build.0 = Release|Any CPU
		{06AA4252-4A10-484A-914D-271CAB82F72B}.Debug|Any CPU.ActiveCfg = Debug|Any CPU
		{06AA4252-4A10-484A-914D-271CAB82F72B}.Debug|Any CPU.Build.0 = Debug|Any CPU
		{06AA4252-4A10-484A-914D-271CAB82F72B}.DevelopDeployDebug|Any CPU.ActiveCfg = Debug|Any CPU
		{06AA4252-4A10-484A-914D-271CAB82F72B}.DevelopDeployDebug|Any CPU.Build.0 = Debug|Any CPU
		{06AA4252-4A10-484A-914D-271CAB82F72B}.Release|Any CPU.ActiveCfg = Release|Any CPU
		{06AA4252-4A10-484A-914D-271CAB82F72B}.Release|Any CPU.Build.0 = Release|Any CPU
		{06AA4252-4A10-484A-914D-271CAB82F72B}.TestDeployRelease|Any CPU.ActiveCfg = Release|Any CPU
		{06AA4252-4A10-484A-914D-271CAB82F72B}.TestDeployRelease|Any CPU.Build.0 = Release|Any CPU
		{13DB3CAA-8F54-4E75-A26C-0FB522BCF895}.Debug|Any CPU.ActiveCfg = Debug|Any CPU
		{13DB3CAA-8F54-4E75-A26C-0FB522BCF895}.Debug|Any CPU.Build.0 = Debug|Any CPU
		{13DB3CAA-8F54-4E75-A26C-0FB522BCF895}.DevelopDeployDebug|Any CPU.ActiveCfg = Debug|Any CPU
		{13DB3CAA-8F54-4E75-A26C-0FB522BCF895}.DevelopDeployDebug|Any CPU.Build.0 = Debug|Any CPU
		{13DB3CAA-8F54-4E75-A26C-0FB522BCF895}.Release|Any CPU.ActiveCfg = Release|Any CPU
		{13DB3CAA-8F54-4E75-A26C-0FB522BCF895}.Release|Any CPU.Build.0 = Release|Any CPU
		{13DB3CAA-8F54-4E75-A26C-0FB522BCF895}.TestDeployRelease|Any CPU.ActiveCfg = Release|Any CPU
		{13DB3CAA-8F54-4E75-A26C-0FB522BCF895}.TestDeployRelease|Any CPU.Build.0 = Release|Any CPU
		{B5E9F59F-0402-4AF7-980B-D6F104541989}.Debug|Any CPU.ActiveCfg = Debug|Any CPU
		{B5E9F59F-0402-4AF7-980B-D6F104541989}.Debug|Any CPU.Build.0 = Debug|Any CPU
		{B5E9F59F-0402-4AF7-980B-D6F104541989}.DevelopDeployDebug|Any CPU.ActiveCfg = DevelopDeployDebug|Any CPU
		{B5E9F59F-0402-4AF7-980B-D6F104541989}.DevelopDeployDebug|Any CPU.Build.0 = DevelopDeployDebug|Any CPU
		{B5E9F59F-0402-4AF7-980B-D6F104541989}.Release|Any CPU.ActiveCfg = Release|Any CPU
		{B5E9F59F-0402-4AF7-980B-D6F104541989}.Release|Any CPU.Build.0 = Release|Any CPU
		{B5E9F59F-0402-4AF7-980B-D6F104541989}.TestDeployRelease|Any CPU.ActiveCfg = TestDeployRelease|Any CPU
		{B5E9F59F-0402-4AF7-980B-D6F104541989}.TestDeployRelease|Any CPU.Build.0 = TestDeployRelease|Any CPU
		{2960B31E-4C0B-485B-A5F9-614F121FAA5B}.Debug|Any CPU.ActiveCfg = Debug|Any CPU
		{2960B31E-4C0B-485B-A5F9-614F121FAA5B}.Debug|Any CPU.Build.0 = Debug|Any CPU
		{2960B31E-4C0B-485B-A5F9-614F121FAA5B}.DevelopDeployDebug|Any CPU.ActiveCfg = Debug|Any CPU
		{2960B31E-4C0B-485B-A5F9-614F121FAA5B}.DevelopDeployDebug|Any CPU.Build.0 = Debug|Any CPU
		{2960B31E-4C0B-485B-A5F9-614F121FAA5B}.Release|Any CPU.ActiveCfg = Release|Any CPU
		{2960B31E-4C0B-485B-A5F9-614F121FAA5B}.Release|Any CPU.Build.0 = Release|Any CPU
		{2960B31E-4C0B-485B-A5F9-614F121FAA5B}.TestDeployRelease|Any CPU.ActiveCfg = Release|Any CPU
		{2960B31E-4C0B-485B-A5F9-614F121FAA5B}.TestDeployRelease|Any CPU.Build.0 = Release|Any CPU
		{B19384B4-AA82-4A77-91AD-D094D31C994B}.Debug|Any CPU.ActiveCfg = Debug|Any CPU
		{B19384B4-AA82-4A77-91AD-D094D31C994B}.Debug|Any CPU.Build.0 = Debug|Any CPU
		{B19384B4-AA82-4A77-91AD-D094D31C994B}.DevelopDeployDebug|Any CPU.ActiveCfg = Debug|Any CPU
		{B19384B4-AA82-4A77-91AD-D094D31C994B}.DevelopDeployDebug|Any CPU.Build.0 = Debug|Any CPU
		{B19384B4-AA82-4A77-91AD-D094D31C994B}.Release|Any CPU.ActiveCfg = Release|Any CPU
		{B19384B4-AA82-4A77-91AD-D094D31C994B}.Release|Any CPU.Build.0 = Release|Any CPU
		{B19384B4-AA82-4A77-91AD-D094D31C994B}.TestDeployRelease|Any CPU.ActiveCfg = Release|Any CPU
		{B19384B4-AA82-4A77-91AD-D094D31C994B}.TestDeployRelease|Any CPU.Build.0 = Release|Any CPU
		{4B76BDBA-77B1-4B76-AC73-F9F6E2A7BFC0}.Debug|Any CPU.ActiveCfg = Debug|Any CPU
		{4B76BDBA-77B1-4B76-AC73-F9F6E2A7BFC0}.Debug|Any CPU.Build.0 = Debug|Any CPU
		{4B76BDBA-77B1-4B76-AC73-F9F6E2A7BFC0}.DevelopDeployDebug|Any CPU.ActiveCfg = DevelopDeployDebug|Any CPU
		{4B76BDBA-77B1-4B76-AC73-F9F6E2A7BFC0}.DevelopDeployDebug|Any CPU.Build.0 = DevelopDeployDebug|Any CPU
		{4B76BDBA-77B1-4B76-AC73-F9F6E2A7BFC0}.Release|Any CPU.ActiveCfg = Release|Any CPU
		{4B76BDBA-77B1-4B76-AC73-F9F6E2A7BFC0}.Release|Any CPU.Build.0 = Release|Any CPU
		{4B76BDBA-77B1-4B76-AC73-F9F6E2A7BFC0}.TestDeployRelease|Any CPU.ActiveCfg = TestDeployRelease|Any CPU
		{4B76BDBA-77B1-4B76-AC73-F9F6E2A7BFC0}.TestDeployRelease|Any CPU.Build.0 = TestDeployRelease|Any CPU
		{C7C4F25F-18CF-4F2F-8638-39DEB1CAFF1A}.Debug|Any CPU.ActiveCfg = Debug|Any CPU
		{C7C4F25F-18CF-4F2F-8638-39DEB1CAFF1A}.Debug|Any CPU.Build.0 = Debug|Any CPU
		{C7C4F25F-18CF-4F2F-8638-39DEB1CAFF1A}.DevelopDeployDebug|Any CPU.ActiveCfg = Debug|Any CPU
		{C7C4F25F-18CF-4F2F-8638-39DEB1CAFF1A}.DevelopDeployDebug|Any CPU.Build.0 = Debug|Any CPU
		{C7C4F25F-18CF-4F2F-8638-39DEB1CAFF1A}.Release|Any CPU.ActiveCfg = Release|Any CPU
		{C7C4F25F-18CF-4F2F-8638-39DEB1CAFF1A}.Release|Any CPU.Build.0 = Release|Any CPU
		{C7C4F25F-18CF-4F2F-8638-39DEB1CAFF1A}.TestDeployRelease|Any CPU.ActiveCfg = Release|Any CPU
		{C7C4F25F-18CF-4F2F-8638-39DEB1CAFF1A}.TestDeployRelease|Any CPU.Build.0 = Release|Any CPU
		{33FBBF9B-C7F4-4F91-99D9-335A18C2609D}.Debug|Any CPU.ActiveCfg = Debug|Any CPU
		{33FBBF9B-C7F4-4F91-99D9-335A18C2609D}.Debug|Any CPU.Build.0 = Debug|Any CPU
		{33FBBF9B-C7F4-4F91-99D9-335A18C2609D}.DevelopDeployDebug|Any CPU.ActiveCfg = Debug|Any CPU
		{33FBBF9B-C7F4-4F91-99D9-335A18C2609D}.DevelopDeployDebug|Any CPU.Build.0 = Debug|Any CPU
		{33FBBF9B-C7F4-4F91-99D9-335A18C2609D}.Release|Any CPU.ActiveCfg = Release|Any CPU
		{33FBBF9B-C7F4-4F91-99D9-335A18C2609D}.Release|Any CPU.Build.0 = Release|Any CPU
		{33FBBF9B-C7F4-4F91-99D9-335A18C2609D}.TestDeployRelease|Any CPU.ActiveCfg = Release|Any CPU
		{33FBBF9B-C7F4-4F91-99D9-335A18C2609D}.TestDeployRelease|Any CPU.Build.0 = Release|Any CPU
		{7FC50142-43A1-4ADA-8AA0-C0869D2F793C}.Debug|Any CPU.ActiveCfg = Debug|Any CPU
		{7FC50142-43A1-4ADA-8AA0-C0869D2F793C}.Debug|Any CPU.Build.0 = Debug|Any CPU
		{7FC50142-43A1-4ADA-8AA0-C0869D2F793C}.DevelopDeployDebug|Any CPU.ActiveCfg = Debug|Any CPU
		{7FC50142-43A1-4ADA-8AA0-C0869D2F793C}.DevelopDeployDebug|Any CPU.Build.0 = Debug|Any CPU
		{7FC50142-43A1-4ADA-8AA0-C0869D2F793C}.Release|Any CPU.ActiveCfg = Release|Any CPU
		{7FC50142-43A1-4ADA-8AA0-C0869D2F793C}.Release|Any CPU.Build.0 = Release|Any CPU
		{7FC50142-43A1-4ADA-8AA0-C0869D2F793C}.TestDeployRelease|Any CPU.ActiveCfg = Release|Any CPU
		{7FC50142-43A1-4ADA-8AA0-C0869D2F793C}.TestDeployRelease|Any CPU.Build.0 = Release|Any CPU
		{FCB286B8-AF82-4F5D-AC9E-FD0A5A311289}.Debug|Any CPU.ActiveCfg = Debug|Any CPU
		{FCB286B8-AF82-4F5D-AC9E-FD0A5A311289}.Debug|Any CPU.Build.0 = Debug|Any CPU
		{FCB286B8-AF82-4F5D-AC9E-FD0A5A311289}.DevelopDeployDebug|Any CPU.ActiveCfg = Debug|Any CPU
		{FCB286B8-AF82-4F5D-AC9E-FD0A5A311289}.DevelopDeployDebug|Any CPU.Build.0 = Debug|Any CPU
		{FCB286B8-AF82-4F5D-AC9E-FD0A5A311289}.Release|Any CPU.ActiveCfg = Release|Any CPU
		{FCB286B8-AF82-4F5D-AC9E-FD0A5A311289}.Release|Any CPU.Build.0 = Release|Any CPU
		{FCB286B8-AF82-4F5D-AC9E-FD0A5A311289}.TestDeployRelease|Any CPU.ActiveCfg = Release|Any CPU
		{FCB286B8-AF82-4F5D-AC9E-FD0A5A311289}.TestDeployRelease|Any CPU.Build.0 = Release|Any CPU
		{000A2D3B-E6FE-4A50-BB93-FE589E3421EF}.Debug|Any CPU.ActiveCfg = Debug|Any CPU
		{000A2D3B-E6FE-4A50-BB93-FE589E3421EF}.Debug|Any CPU.Build.0 = Debug|Any CPU
		{000A2D3B-E6FE-4A50-BB93-FE589E3421EF}.DevelopDeployDebug|Any CPU.ActiveCfg = Debug|Any CPU
		{000A2D3B-E6FE-4A50-BB93-FE589E3421EF}.DevelopDeployDebug|Any CPU.Build.0 = Debug|Any CPU
		{000A2D3B-E6FE-4A50-BB93-FE589E3421EF}.Release|Any CPU.ActiveCfg = Release|Any CPU
		{000A2D3B-E6FE-4A50-BB93-FE589E3421EF}.Release|Any CPU.Build.0 = Release|Any CPU
		{000A2D3B-E6FE-4A50-BB93-FE589E3421EF}.TestDeployRelease|Any CPU.ActiveCfg = Release|Any CPU
		{000A2D3B-E6FE-4A50-BB93-FE589E3421EF}.TestDeployRelease|Any CPU.Build.0 = Release|Any CPU
		{29D62EF2-D34E-463F-82F1-AD768C1567ED}.Debug|Any CPU.ActiveCfg = Debug|Any CPU
		{29D62EF2-D34E-463F-82F1-AD768C1567ED}.Debug|Any CPU.Build.0 = Debug|Any CPU
		{29D62EF2-D34E-463F-82F1-AD768C1567ED}.DevelopDeployDebug|Any CPU.ActiveCfg = Debug|Any CPU
		{29D62EF2-D34E-463F-82F1-AD768C1567ED}.Release|Any CPU.ActiveCfg = Release|Any CPU
		{29D62EF2-D34E-463F-82F1-AD768C1567ED}.Release|Any CPU.Build.0 = Release|Any CPU
		{29D62EF2-D34E-463F-82F1-AD768C1567ED}.TestDeployRelease|Any CPU.ActiveCfg = Release|Any CPU
		{26FA9066-6BC1-48E1-B1F6-C4BF68BE182E}.Debug|Any CPU.ActiveCfg = Debug|Any CPU
		{26FA9066-6BC1-48E1-B1F6-C4BF68BE182E}.Debug|Any CPU.Build.0 = Debug|Any CPU
		{26FA9066-6BC1-48E1-B1F6-C4BF68BE182E}.DevelopDeployDebug|Any CPU.ActiveCfg = Debug|Any CPU
		{26FA9066-6BC1-48E1-B1F6-C4BF68BE182E}.Release|Any CPU.ActiveCfg = Release|Any CPU
		{26FA9066-6BC1-48E1-B1F6-C4BF68BE182E}.Release|Any CPU.Build.0 = Release|Any CPU
		{26FA9066-6BC1-48E1-B1F6-C4BF68BE182E}.TestDeployRelease|Any CPU.ActiveCfg = Release|Any CPU
		{AC850760-4335-4C60-8625-4EC5A7FD30FC}.Debug|Any CPU.ActiveCfg = Debug|Any CPU
		{AC850760-4335-4C60-8625-4EC5A7FD30FC}.Debug|Any CPU.Build.0 = Debug|Any CPU
		{AC850760-4335-4C60-8625-4EC5A7FD30FC}.DevelopDeployDebug|Any CPU.ActiveCfg = Debug|Any CPU
		{AC850760-4335-4C60-8625-4EC5A7FD30FC}.Release|Any CPU.ActiveCfg = Release|Any CPU
		{AC850760-4335-4C60-8625-4EC5A7FD30FC}.Release|Any CPU.Build.0 = Release|Any CPU
		{AC850760-4335-4C60-8625-4EC5A7FD30FC}.TestDeployRelease|Any CPU.ActiveCfg = Release|Any CPU
		{73A6E9CF-A4F9-45D3-84AD-B149C488FF6F}.Debug|Any CPU.ActiveCfg = Debug|Any CPU
		{73A6E9CF-A4F9-45D3-84AD-B149C488FF6F}.Debug|Any CPU.Build.0 = Debug|Any CPU
		{73A6E9CF-A4F9-45D3-84AD-B149C488FF6F}.DevelopDeployDebug|Any CPU.ActiveCfg = Debug|Any CPU
		{73A6E9CF-A4F9-45D3-84AD-B149C488FF6F}.DevelopDeployDebug|Any CPU.Build.0 = Debug|Any CPU
		{73A6E9CF-A4F9-45D3-84AD-B149C488FF6F}.Release|Any CPU.ActiveCfg = Release|Any CPU
		{73A6E9CF-A4F9-45D3-84AD-B149C488FF6F}.Release|Any CPU.Build.0 = Release|Any CPU
		{73A6E9CF-A4F9-45D3-84AD-B149C488FF6F}.TestDeployRelease|Any CPU.ActiveCfg = Release|Any CPU
		{73A6E9CF-A4F9-45D3-84AD-B149C488FF6F}.TestDeployRelease|Any CPU.Build.0 = Release|Any CPU
		{AFB25943-03D6-480C-B766-DD65D38E6079}.Debug|Any CPU.ActiveCfg = Debug|Any CPU
		{AFB25943-03D6-480C-B766-DD65D38E6079}.Debug|Any CPU.Build.0 = Debug|Any CPU
		{AFB25943-03D6-480C-B766-DD65D38E6079}.DevelopDeployDebug|Any CPU.ActiveCfg = Debug|Any CPU
		{AFB25943-03D6-480C-B766-DD65D38E6079}.DevelopDeployDebug|Any CPU.Build.0 = Debug|Any CPU
		{AFB25943-03D6-480C-B766-DD65D38E6079}.Release|Any CPU.ActiveCfg = Release|Any CPU
		{AFB25943-03D6-480C-B766-DD65D38E6079}.Release|Any CPU.Build.0 = Release|Any CPU
		{AFB25943-03D6-480C-B766-DD65D38E6079}.TestDeployRelease|Any CPU.ActiveCfg = Release|Any CPU
		{AFB25943-03D6-480C-B766-DD65D38E6079}.TestDeployRelease|Any CPU.Build.0 = Release|Any CPU
	EndGlobalSection
	GlobalSection(SolutionProperties) = preSolution
		HideSolutionNode = FALSE
	EndGlobalSection
	GlobalSection(NestedProjects) = preSolution
		{B2C9B739-B90A-4FC6-A403-E9465EC22E6E} = {A4EE2EBF-2171-4F5F-8EBA-4B48C5481023}
		{7EB45CF8-E353-4284-AC19-AA1C14B525DD} = {CC63D3DC-DD62-4E3D-A75C-BB048CEF1E6D}
		{9562EE6C-4B15-40A5-85C2-7009954B46F9} = {569AAB29-E937-444F-A383-7FA3079F4C02}
		{7905DA86-186F-4D3B-8D13-68DF6ED7C31B} = {CC63D3DC-DD62-4E3D-A75C-BB048CEF1E6D}
		{5A88FDF4-F805-4AC2-93D2-7B242E18735C} = {C50B4C4D-ABED-40FF-AEF2-4AFBD80B1A88}
		{06AA4252-4A10-484A-914D-271CAB82F72B} = {B758B7B7-B5C9-42F7-B2E5-6B2FAD14B5A1}
		{13DB3CAA-8F54-4E75-A26C-0FB522BCF895} = {B758B7B7-B5C9-42F7-B2E5-6B2FAD14B5A1}
		{B5E9F59F-0402-4AF7-980B-D6F104541989} = {A4EE2EBF-2171-4F5F-8EBA-4B48C5481023}
		{2960B31E-4C0B-485B-A5F9-614F121FAA5B} = {CC63D3DC-DD62-4E3D-A75C-BB048CEF1E6D}
		{B19384B4-AA82-4A77-91AD-D094D31C994B} = {CC63D3DC-DD62-4E3D-A75C-BB048CEF1E6D}
		{B427A88D-FEB7-48C7-8900-6B9A59AC51F9} = {A4EE2EBF-2171-4F5F-8EBA-4B48C5481023}
		{4B76BDBA-77B1-4B76-AC73-F9F6E2A7BFC0} = {B427A88D-FEB7-48C7-8900-6B9A59AC51F9}
		{C7C4F25F-18CF-4F2F-8638-39DEB1CAFF1A} = {CC63D3DC-DD62-4E3D-A75C-BB048CEF1E6D}
		{7FC50142-43A1-4ADA-8AA0-C0869D2F793C} = {CC63D3DC-DD62-4E3D-A75C-BB048CEF1E6D}
		{FCB286B8-AF82-4F5D-AC9E-FD0A5A311289} = {CC63D3DC-DD62-4E3D-A75C-BB048CEF1E6D}
		{000A2D3B-E6FE-4A50-BB93-FE589E3421EF} = {CC63D3DC-DD62-4E3D-A75C-BB048CEF1E6D}
		{29D62EF2-D34E-463F-82F1-AD768C1567ED} = {569AAB29-E937-444F-A383-7FA3079F4C02}
		{26FA9066-6BC1-48E1-B1F6-C4BF68BE182E} = {569AAB29-E937-444F-A383-7FA3079F4C02}
		{AC850760-4335-4C60-8625-4EC5A7FD30FC} = {569AAB29-E937-444F-A383-7FA3079F4C02}
		{73A6E9CF-A4F9-45D3-84AD-B149C488FF6F} = {CC63D3DC-DD62-4E3D-A75C-BB048CEF1E6D}
		{AFB25943-03D6-480C-B766-DD65D38E6079} = {569AAB29-E937-444F-A383-7FA3079F4C02}
	EndGlobalSection
	GlobalSection(ExtensibilityGlobals) = postSolution
		SolutionGuid = {48091EC0-C3D6-4B3B-B0BC-95BD3BD80216}
	EndGlobalSection
EndGlobal
