Microsoft Visual Studio Solution File, Format Version 12.00
# Visual Studio 14
VisualStudioVersion = 14.0.25420.1
MinimumVisualStudioVersion = 10.0.40219.1
Project("{FAE04EC0-301F-11D3-BF4B-00C04F79EFBC}") = "GPAS.JobsManagement", "Servers\Job Server\GPAS.JobsManagement\GPAS.JobsManagement.csproj", "{A1B67E57-2188-4644-8569-8BC8FC72EF4C}"
EndProject
Project("{FAE04EC0-301F-11D3-BF4B-00C04F79EFBC}") = "GPAS.DataImport", "DataImport\GPAS.DataImport.csproj", "{73A6E9CF-A4F9-45D3-84AD-B149C488FF6F}"
EndProject
Project("{FAE04EC0-301F-11D3-BF4B-00C04F79EFBC}") = "GPAS.JobServer.Logic", "Servers\Job Server\GPAS.JobServer.Logic\GPAS.JobServer.Logic.csproj", "{9BAC608C-3686-4037-A247-5EB9D22887F3}"
EndProject
Project("{FAE04EC0-301F-11D3-BF4B-00C04F79EFBC}") = "GPAS.JobServer.JobWorkerProcess", "Servers\Job Server\GPAS.JobServer.JobWorkerProcess\GPAS.JobServer.JobWorkerProcess.csproj", "{348DA4CE-1365-4C03-A65B-F8913F798A70}"
EndProject
Project("{FAE04EC0-301F-11D3-BF4B-00C04F79EFBC}") = "GPAS.JobServer.Service", "Servers\Job Server\GPAS.JobServer.Service\GPAS.JobServer.Service.csproj", "{43BCEDA5-B1AB-4FCD-ADD7-3D2D884BD366}"
EndProject
Project("{FAE04EC0-301F-11D3-BF4B-00C04F79EFBC}") = "GPAS.JobServer.Data", "Servers\Job Server\GPAS.JobServer.Data\GPAS.JobServer.Data.csproj", "{9448F71B-89F7-468D-9D92-7C90EAB15B50}"
EndProject
Project("{2150E333-8FDC-42A3-9474-1A3956D46DE8}") = "Service Layer", "Service Layer", "{2BF17902-22E0-4002-9353-FD4DF2AAB704}"
EndProject
Project("{2150E333-8FDC-42A3-9474-1A3956D46DE8}") = "Logic Layer", "Logic Layer", "{5CB6C604-E0D6-40AF-B2E6-E7FAB05E25A5}"
EndProject
Project("{2150E333-8FDC-42A3-9474-1A3956D46DE8}") = "Access Layer", "Access Layer", "{BC344D99-D68E-46BF-8292-701691DCAC32}"
EndProject
Project("{FAE04EC0-301F-11D3-BF4B-00C04F79EFBC}") = "GPAS.JobServer.ServiceAccess", "Servers\Job Server\GPAS.JobServer.ServiceAccess\GPAS.JobServer.ServiceAccess.csproj", "{35FA4B6A-421B-4DE2-9D6F-EFE4B54C236B}"
EndProject
Project("{FAE04EC0-301F-11D3-BF4B-00C04F79EFBC}") = "GPAS.JobServer.IISHost", "Servers\Job Server\GPAS.JobServer.IISHost\GPAS.JobServer.IISHost.csproj", "{69104D14-B564-49ED-932B-EBDDC24E9D20}"
EndProject
Project("{FAE04EC0-301F-11D3-BF4B-00C04F79EFBC}") = "GPAS.JobServer.JobMonitoringAgent", "Servers\Job Server\GPAS.JobServer.JobMonitoringAgent\GPAS.JobServer.JobMonitoringAgent.csproj", "{14EE3645-A784-4DC1-B08E-A1C18A4CA443}"
EndProject
Project("{FAE04EC0-301F-11D3-BF4B-00C04F79EFBC}") = "GPAS.JobServer.JobMonitoringAgentTests", "Servers\Job Server\GPAS.JobServer.JobMonitoringAgentTests\GPAS.JobServer.JobMonitoringAgentTests.csproj", "{8CC629B3-88E4-42E4-AE45-B63D20BAB0EE}"
EndProject
Project("{FAE04EC0-301F-11D3-BF4B-00C04F79EFBC}") = "GPAS.JobServer.JobWorkerProcessTests", "Servers\Job Server\GPAS.JobServer.JobWorkerProcessTests\GPAS.JobServer.JobWorkerProcessTests.csproj", "{52E151B1-2B04-4C23-A361-4BE806191067}"
EndProject
Project("{FAE04EC0-301F-11D3-BF4B-00C04F79EFBC}") = "GPAS.JobServer.LogicTests", "Servers\Job Server\GPAS.JobServer.LogicTests\GPAS.JobServer.LogicTests.csproj", "{D7426346-1882-4E4C-9E23-09F6955AF587}"
EndProject
Project("{FAE04EC0-301F-11D3-BF4B-00C04F79EFBC}") = "GPAS.Logger", "GPAS.Logger\GPAS.Logger.csproj", "{7905DA86-186F-4D3B-8D13-68DF6ED7C31B}"
EndProject
Project("{2150E333-8FDC-42A3-9474-1A3956D46DE8}") = "Tests", "Tests", "{E9A8C38B-C7FB-4445-91E9-4819808A88DA}"
EndProject
Project("{2150E333-8FDC-42A3-9474-1A3956D46DE8}") = "Shared Libraries", "Shared Libraries", "{DDDBCDFB-21AA-45C3-8A1E-7B5A3944546B}"
EndProject
Project("{FAE04EC0-301F-11D3-BF4B-00C04F79EFBC}") = "GPAS.Dispatch.Entities.Concepts", "Servers\Dispatch\Entities.Concepts\GPAS.Dispatch.Entities.Concepts.csproj", "{2960B31E-4C0B-485B-A5F9-614F121FAA5B}"
EndProject
Project("{FAE04EC0-301F-11D3-BF4B-00C04F79EFBC}") = "GPAS.Dispatch.Entities.Publish", "Servers\Dispatch\Entities.Publish\GPAS.Dispatch.Entities.Publish.csproj", "{B19384B4-AA82-4A77-91AD-D094D31C994B}"
EndProject
Project("{FAE04EC0-301F-11D3-BF4B-00C04F79EFBC}") = "GPAS.DataImportTests", "DataImportTests\GPAS.DataImportTests.csproj", "{D2D1CFC9-22F8-4387-92FF-AA7D03F24E49}"
EndProject
Project("{FAE04EC0-301F-11D3-BF4B-00C04F79EFBC}") = "GPAS.FtpServiceAccess", "FtpServiceAccess\GPAS.FtpServiceAccess.csproj", "{D78569E5-4442-4087-8D8F-ED793A487FCD}"
EndProject
Project("{FAE04EC0-301F-11D3-BF4B-00C04F79EFBC}") = "GPAS.AccessControl", "AccessControl\GPAS.AccessControl\GPAS.AccessControl.csproj", "{33FBBF9B-C7F4-4F91-99D9-335A18C2609D}"
EndProject
Project("{FAE04EC0-301F-11D3-BF4B-00C04F79EFBC}") = "GPAS.AccessControlTests", "AccessControl\GPAS.AccessControlTests\GPAS.AccessControlTests.csproj", "{6AF569F2-A074-408D-802E-67CBF7061053}"
EndProject
Global
	GlobalSection(SolutionConfigurationPlatforms) = preSolution
		Debug|Any CPU = Debug|Any CPU
		DevelopDeployDebug|Any CPU = DevelopDeployDebug|Any CPU
		Release|Any CPU = Release|Any CPU
		TestDeployRelease|Any CPU = TestDeployRelease|Any CPU
	EndGlobalSection
	GlobalSection(ProjectConfigurationPlatforms) = postSolution
		{A1B67E57-2188-4644-8569-8BC8FC72EF4C}.Debug|Any CPU.ActiveCfg = Debug|Any CPU
		{A1B67E57-2188-4644-8569-8BC8FC72EF4C}.Debug|Any CPU.Build.0 = Debug|Any CPU
		{A1B67E57-2188-4644-8569-8BC8FC72EF4C}.DevelopDeployDebug|Any CPU.ActiveCfg = Debug|Any CPU
		{A1B67E57-2188-4644-8569-8BC8FC72EF4C}.DevelopDeployDebug|Any CPU.Build.0 = Debug|Any CPU
		{A1B67E57-2188-4644-8569-8BC8FC72EF4C}.Release|Any CPU.ActiveCfg = Release|Any CPU
		{A1B67E57-2188-4644-8569-8BC8FC72EF4C}.Release|Any CPU.Build.0 = Release|Any CPU
		{A1B67E57-2188-4644-8569-8BC8FC72EF4C}.TestDeployRelease|Any CPU.ActiveCfg = Release|Any CPU
		{A1B67E57-2188-4644-8569-8BC8FC72EF4C}.TestDeployRelease|Any CPU.Build.0 = Release|Any CPU
		{73A6E9CF-A4F9-45D3-84AD-B149C488FF6F}.Debug|Any CPU.ActiveCfg = Debug|Any CPU
		{73A6E9CF-A4F9-45D3-84AD-B149C488FF6F}.Debug|Any CPU.Build.0 = Debug|Any CPU
		{73A6E9CF-A4F9-45D3-84AD-B149C488FF6F}.DevelopDeployDebug|Any CPU.ActiveCfg = Debug|Any CPU
		{73A6E9CF-A4F9-45D3-84AD-B149C488FF6F}.DevelopDeployDebug|Any CPU.Build.0 = Debug|Any CPU
		{73A6E9CF-A4F9-45D3-84AD-B149C488FF6F}.Release|Any CPU.ActiveCfg = Release|Any CPU
		{73A6E9CF-A4F9-45D3-84AD-B149C488FF6F}.Release|Any CPU.Build.0 = Release|Any CPU
		{73A6E9CF-A4F9-45D3-84AD-B149C488FF6F}.TestDeployRelease|Any CPU.ActiveCfg = Release|Any CPU
		{73A6E9CF-A4F9-45D3-84AD-B149C488FF6F}.TestDeployRelease|Any CPU.Build.0 = Release|Any CPU
		{9BAC608C-3686-4037-A247-5EB9D22887F3}.Debug|Any CPU.ActiveCfg = Debug|Any CPU
		{9BAC608C-3686-4037-A247-5EB9D22887F3}.Debug|Any CPU.Build.0 = Debug|Any CPU
		{9BAC608C-3686-4037-A247-5EB9D22887F3}.DevelopDeployDebug|Any CPU.ActiveCfg = Debug|Any CPU
		{9BAC608C-3686-4037-A247-5EB9D22887F3}.DevelopDeployDebug|Any CPU.Build.0 = Debug|Any CPU
		{9BAC608C-3686-4037-A247-5EB9D22887F3}.Release|Any CPU.ActiveCfg = Release|Any CPU
		{9BAC608C-3686-4037-A247-5EB9D22887F3}.Release|Any CPU.Build.0 = Release|Any CPU
		{9BAC608C-3686-4037-A247-5EB9D22887F3}.TestDeployRelease|Any CPU.ActiveCfg = Release|Any CPU
		{9BAC608C-3686-4037-A247-5EB9D22887F3}.TestDeployRelease|Any CPU.Build.0 = Release|Any CPU
		{348DA4CE-1365-4C03-A65B-F8913F798A70}.Debug|Any CPU.ActiveCfg = Debug|Any CPU
		{348DA4CE-1365-4C03-A65B-F8913F798A70}.Debug|Any CPU.Build.0 = Debug|Any CPU
		{348DA4CE-1365-4C03-A65B-F8913F798A70}.DevelopDeployDebug|Any CPU.ActiveCfg = DevelopDeployDebug|Any CPU
		{348DA4CE-1365-4C03-A65B-F8913F798A70}.DevelopDeployDebug|Any CPU.Build.0 = DevelopDeployDebug|Any CPU
		{348DA4CE-1365-4C03-A65B-F8913F798A70}.Release|Any CPU.ActiveCfg = Release|Any CPU
		{348DA4CE-1365-4C03-A65B-F8913F798A70}.Release|Any CPU.Build.0 = Release|Any CPU
		{348DA4CE-1365-4C03-A65B-F8913F798A70}.TestDeployRelease|Any CPU.ActiveCfg = TestDeployRelease|Any CPU
		{348DA4CE-1365-4C03-A65B-F8913F798A70}.TestDeployRelease|Any CPU.Build.0 = TestDeployRelease|Any CPU
		{43BCEDA5-B1AB-4FCD-ADD7-3D2D884BD366}.Debug|Any CPU.ActiveCfg = Debug|Any CPU
		{43BCEDA5-B1AB-4FCD-ADD7-3D2D884BD366}.Debug|Any CPU.Build.0 = Debug|Any CPU
		{43BCEDA5-B1AB-4FCD-ADD7-3D2D884BD366}.DevelopDeployDebug|Any CPU.ActiveCfg = Debug|Any CPU
		{43BCEDA5-B1AB-4FCD-ADD7-3D2D884BD366}.DevelopDeployDebug|Any CPU.Build.0 = Debug|Any CPU
		{43BCEDA5-B1AB-4FCD-ADD7-3D2D884BD366}.Release|Any CPU.ActiveCfg = Release|Any CPU
		{43BCEDA5-B1AB-4FCD-ADD7-3D2D884BD366}.Release|Any CPU.Build.0 = Release|Any CPU
		{43BCEDA5-B1AB-4FCD-ADD7-3D2D884BD366}.TestDeployRelease|Any CPU.ActiveCfg = Release|Any CPU
		{43BCEDA5-B1AB-4FCD-ADD7-3D2D884BD366}.TestDeployRelease|Any CPU.Build.0 = Release|Any CPU
		{9448F71B-89F7-468D-9D92-7C90EAB15B50}.Debug|Any CPU.ActiveCfg = Debug|Any CPU
		{9448F71B-89F7-468D-9D92-7C90EAB15B50}.Debug|Any CPU.Build.0 = Debug|Any CPU
		{9448F71B-89F7-468D-9D92-7C90EAB15B50}.DevelopDeployDebug|Any CPU.ActiveCfg = Debug|Any CPU
		{9448F71B-89F7-468D-9D92-7C90EAB15B50}.DevelopDeployDebug|Any CPU.Build.0 = Debug|Any CPU
		{9448F71B-89F7-468D-9D92-7C90EAB15B50}.Release|Any CPU.ActiveCfg = Release|Any CPU
		{9448F71B-89F7-468D-9D92-7C90EAB15B50}.Release|Any CPU.Build.0 = Release|Any CPU
		{9448F71B-89F7-468D-9D92-7C90EAB15B50}.TestDeployRelease|Any CPU.ActiveCfg = Release|Any CPU
		{9448F71B-89F7-468D-9D92-7C90EAB15B50}.TestDeployRelease|Any CPU.Build.0 = Release|Any CPU
		{35FA4B6A-421B-4DE2-9D6F-EFE4B54C236B}.Debug|Any CPU.ActiveCfg = Debug|Any CPU
		{35FA4B6A-421B-4DE2-9D6F-EFE4B54C236B}.Debug|Any CPU.Build.0 = Debug|Any CPU
		{35FA4B6A-421B-4DE2-9D6F-EFE4B54C236B}.DevelopDeployDebug|Any CPU.ActiveCfg = Debug|Any CPU
		{35FA4B6A-421B-4DE2-9D6F-EFE4B54C236B}.DevelopDeployDebug|Any CPU.Build.0 = Debug|Any CPU
		{35FA4B6A-421B-4DE2-9D6F-EFE4B54C236B}.Release|Any CPU.ActiveCfg = Release|Any CPU
		{35FA4B6A-421B-4DE2-9D6F-EFE4B54C236B}.Release|Any CPU.Build.0 = Release|Any CPU
		{35FA4B6A-421B-4DE2-9D6F-EFE4B54C236B}.TestDeployRelease|Any CPU.ActiveCfg = Release|Any CPU
		{35FA4B6A-421B-4DE2-9D6F-EFE4B54C236B}.TestDeployRelease|Any CPU.Build.0 = Release|Any CPU
		{69104D14-B564-49ED-932B-EBDDC24E9D20}.Debug|Any CPU.ActiveCfg = Debug|Any CPU
		{69104D14-B564-49ED-932B-EBDDC24E9D20}.Debug|Any CPU.Build.0 = Debug|Any CPU
		{69104D14-B564-49ED-932B-EBDDC24E9D20}.DevelopDeployDebug|Any CPU.ActiveCfg = DevelopDeployDebug|Any CPU
		{69104D14-B564-49ED-932B-EBDDC24E9D20}.DevelopDeployDebug|Any CPU.Build.0 = DevelopDeployDebug|Any CPU
		{69104D14-B564-49ED-932B-EBDDC24E9D20}.Release|Any CPU.ActiveCfg = Release|Any CPU
		{69104D14-B564-49ED-932B-EBDDC24E9D20}.Release|Any CPU.Build.0 = Release|Any CPU
		{69104D14-B564-49ED-932B-EBDDC24E9D20}.TestDeployRelease|Any CPU.ActiveCfg = TestDeployRelease|Any CPU
		{69104D14-B564-49ED-932B-EBDDC24E9D20}.TestDeployRelease|Any CPU.Build.0 = TestDeployRelease|Any CPU
		{14EE3645-A784-4DC1-B08E-A1C18A4CA443}.Debug|Any CPU.ActiveCfg = Debug|Any CPU
		{14EE3645-A784-4DC1-B08E-A1C18A4CA443}.Debug|Any CPU.Build.0 = Debug|Any CPU
		{14EE3645-A784-4DC1-B08E-A1C18A4CA443}.DevelopDeployDebug|Any CPU.ActiveCfg = DevelopDeployDebug|Any CPU
		{14EE3645-A784-4DC1-B08E-A1C18A4CA443}.DevelopDeployDebug|Any CPU.Build.0 = DevelopDeployDebug|Any CPU
		{14EE3645-A784-4DC1-B08E-A1C18A4CA443}.Release|Any CPU.ActiveCfg = Release|Any CPU
		{14EE3645-A784-4DC1-B08E-A1C18A4CA443}.Release|Any CPU.Build.0 = Release|Any CPU
		{14EE3645-A784-4DC1-B08E-A1C18A4CA443}.TestDeployRelease|Any CPU.ActiveCfg = TestDeployRelease|Any CPU
		{14EE3645-A784-4DC1-B08E-A1C18A4CA443}.TestDeployRelease|Any CPU.Build.0 = TestDeployRelease|Any CPU
		{8CC629B3-88E4-42E4-AE45-B63D20BAB0EE}.Debug|Any CPU.ActiveCfg = Debug|Any CPU
		{8CC629B3-88E4-42E4-AE45-B63D20BAB0EE}.Debug|Any CPU.Build.0 = Debug|Any CPU
		{8CC629B3-88E4-42E4-AE45-B63D20BAB0EE}.DevelopDeployDebug|Any CPU.ActiveCfg = Debug|Any CPU
		{8CC629B3-88E4-42E4-AE45-B63D20BAB0EE}.Release|Any CPU.ActiveCfg = Release|Any CPU
		{8CC629B3-88E4-42E4-AE45-B63D20BAB0EE}.Release|Any CPU.Build.0 = Release|Any CPU
		{8CC629B3-88E4-42E4-AE45-B63D20BAB0EE}.TestDeployRelease|Any CPU.ActiveCfg = Release|Any CPU
		{52E151B1-2B04-4C23-A361-4BE806191067}.Debug|Any CPU.ActiveCfg = Debug|Any CPU
		{52E151B1-2B04-4C23-A361-4BE806191067}.Debug|Any CPU.Build.0 = Debug|Any CPU
		{52E151B1-2B04-4C23-A361-4BE806191067}.DevelopDeployDebug|Any CPU.ActiveCfg = Debug|Any CPU
		{52E151B1-2B04-4C23-A361-4BE806191067}.Release|Any CPU.ActiveCfg = Release|Any CPU
		{52E151B1-2B04-4C23-A361-4BE806191067}.Release|Any CPU.Build.0 = Release|Any CPU
		{52E151B1-2B04-4C23-A361-4BE806191067}.TestDeployRelease|Any CPU.ActiveCfg = Release|Any CPU
		{D7426346-1882-4E4C-9E23-09F6955AF587}.Debug|Any CPU.ActiveCfg = Debug|Any CPU
		{D7426346-1882-4E4C-9E23-09F6955AF587}.Debug|Any CPU.Build.0 = Debug|Any CPU
		{D7426346-1882-4E4C-9E23-09F6955AF587}.DevelopDeployDebug|Any CPU.ActiveCfg = Debug|Any CPU
		{D7426346-1882-4E4C-9E23-09F6955AF587}.Release|Any CPU.ActiveCfg = Release|Any CPU
		{D7426346-1882-4E4C-9E23-09F6955AF587}.Release|Any CPU.Build.0 = Release|Any CPU
		{D7426346-1882-4E4C-9E23-09F6955AF587}.TestDeployRelease|Any CPU.ActiveCfg = Release|Any CPU
		{7905DA86-186F-4D3B-8D13-68DF6ED7C31B}.Debug|Any CPU.ActiveCfg = Debug|Any CPU
		{7905DA86-186F-4D3B-8D13-68DF6ED7C31B}.Debug|Any CPU.Build.0 = Debug|Any CPU
		{7905DA86-186F-4D3B-8D13-68DF6ED7C31B}.DevelopDeployDebug|Any CPU.ActiveCfg = Debug|Any CPU
		{7905DA86-186F-4D3B-8D13-68DF6ED7C31B}.DevelopDeployDebug|Any CPU.Build.0 = Debug|Any CPU
		{7905DA86-186F-4D3B-8D13-68DF6ED7C31B}.Release|Any CPU.ActiveCfg = Release|Any CPU
		{7905DA86-186F-4D3B-8D13-68DF6ED7C31B}.Release|Any CPU.Build.0 = Release|Any CPU
		{7905DA86-186F-4D3B-8D13-68DF6ED7C31B}.TestDeployRelease|Any CPU.ActiveCfg = Release|Any CPU
		{7905DA86-186F-4D3B-8D13-68DF6ED7C31B}.TestDeployRelease|Any CPU.Build.0 = Release|Any CPU
		{2960B31E-4C0B-485B-A5F9-614F121FAA5B}.Debug|Any CPU.ActiveCfg = Debug|Any CPU
		{2960B31E-4C0B-485B-A5F9-614F121FAA5B}.Debug|Any CPU.Build.0 = Debug|Any CPU
		{2960B31E-4C0B-485B-A5F9-614F121FAA5B}.DevelopDeployDebug|Any CPU.ActiveCfg = Debug|Any CPU
		{2960B31E-4C0B-485B-A5F9-614F121FAA5B}.DevelopDeployDebug|Any CPU.Build.0 = Debug|Any CPU
		{2960B31E-4C0B-485B-A5F9-614F121FAA5B}.Release|Any CPU.ActiveCfg = Release|Any CPU
		{2960B31E-4C0B-485B-A5F9-614F121FAA5B}.Release|Any CPU.Build.0 = Release|Any CPU
		{2960B31E-4C0B-485B-A5F9-614F121FAA5B}.TestDeployRelease|Any CPU.ActiveCfg = Release|Any CPU
		{2960B31E-4C0B-485B-A5F9-614F121FAA5B}.TestDeployRelease|Any CPU.Build.0 = Release|Any CPU
		{B19384B4-AA82-4A77-91AD-D094D31C994B}.Debug|Any CPU.ActiveCfg = Debug|Any CPU
		{B19384B4-AA82-4A77-91AD-D094D31C994B}.Debug|Any CPU.Build.0 = Debug|Any CPU
		{B19384B4-AA82-4A77-91AD-D094D31C994B}.DevelopDeployDebug|Any CPU.ActiveCfg = Debug|Any CPU
		{B19384B4-AA82-4A77-91AD-D094D31C994B}.DevelopDeployDebug|Any CPU.Build.0 = Debug|Any CPU
		{B19384B4-AA82-4A77-91AD-D094D31C994B}.Release|Any CPU.ActiveCfg = Release|Any CPU
		{B19384B4-AA82-4A77-91AD-D094D31C994B}.Release|Any CPU.Build.0 = Release|Any CPU
		{B19384B4-AA82-4A77-91AD-D094D31C994B}.TestDeployRelease|Any CPU.ActiveCfg = Release|Any CPU
		{B19384B4-AA82-4A77-91AD-D094D31C994B}.TestDeployRelease|Any CPU.Build.0 = Release|Any CPU
		{D2D1CFC9-22F8-4387-92FF-AA7D03F24E49}.Debug|Any CPU.ActiveCfg = Debug|Any CPU
		{D2D1CFC9-22F8-4387-92FF-AA7D03F24E49}.Debug|Any CPU.Build.0 = Debug|Any CPU
		{D2D1CFC9-22F8-4387-92FF-AA7D03F24E49}.DevelopDeployDebug|Any CPU.ActiveCfg = Debug|Any CPU
		{D2D1CFC9-22F8-4387-92FF-AA7D03F24E49}.Release|Any CPU.ActiveCfg = Release|Any CPU
		{D2D1CFC9-22F8-4387-92FF-AA7D03F24E49}.Release|Any CPU.Build.0 = Release|Any CPU
		{D2D1CFC9-22F8-4387-92FF-AA7D03F24E49}.TestDeployRelease|Any CPU.ActiveCfg = Release|Any CPU
		{D78569E5-4442-4087-8D8F-ED793A487FCD}.Debug|Any CPU.ActiveCfg = Debug|Any CPU
		{D78569E5-4442-4087-8D8F-ED793A487FCD}.Debug|Any CPU.Build.0 = Debug|Any CPU
		{D78569E5-4442-4087-8D8F-ED793A487FCD}.DevelopDeployDebug|Any CPU.ActiveCfg = Debug|Any CPU
		{D78569E5-4442-4087-8D8F-ED793A487FCD}.DevelopDeployDebug|Any CPU.Build.0 = Debug|Any CPU
		{D78569E5-4442-4087-8D8F-ED793A487FCD}.Release|Any CPU.ActiveCfg = Release|Any CPU
		{D78569E5-4442-4087-8D8F-ED793A487FCD}.Release|Any CPU.Build.0 = Release|Any CPU
		{D78569E5-4442-4087-8D8F-ED793A487FCD}.TestDeployRelease|Any CPU.ActiveCfg = Release|Any CPU
		{D78569E5-4442-4087-8D8F-ED793A487FCD}.TestDeployRelease|Any CPU.Build.0 = Release|Any CPU
		{33FBBF9B-C7F4-4F91-99D9-335A18C2609D}.Debug|Any CPU.ActiveCfg = Debug|Any CPU
		{33FBBF9B-C7F4-4F91-99D9-335A18C2609D}.Debug|Any CPU.Build.0 = Debug|Any CPU
		{33FBBF9B-C7F4-4F91-99D9-335A18C2609D}.DevelopDeployDebug|Any CPU.ActiveCfg = Debug|Any CPU
		{33FBBF9B-C7F4-4F91-99D9-335A18C2609D}.DevelopDeployDebug|Any CPU.Build.0 = Debug|Any CPU
		{33FBBF9B-C7F4-4F91-99D9-335A18C2609D}.Release|Any CPU.ActiveCfg = Release|Any CPU
		{33FBBF9B-C7F4-4F91-99D9-335A18C2609D}.Release|Any CPU.Build.0 = Release|Any CPU
		{33FBBF9B-C7F4-4F91-99D9-335A18C2609D}.TestDeployRelease|Any CPU.ActiveCfg = Release|Any CPU
		{33FBBF9B-C7F4-4F91-99D9-335A18C2609D}.TestDeployRelease|Any CPU.Build.0 = Release|Any CPU
		{6AF569F2-A074-408D-802E-67CBF7061053}.Debug|Any CPU.ActiveCfg = Debug|Any CPU
		{6AF569F2-A074-408D-802E-67CBF7061053}.Debug|Any CPU.Build.0 = Debug|Any CPU
		{6AF569F2-A074-408D-802E-67CBF7061053}.DevelopDeployDebug|Any CPU.ActiveCfg = Debug|Any CPU
		{6AF569F2-A074-408D-802E-67CBF7061053}.Release|Any CPU.ActiveCfg = Release|Any CPU
		{6AF569F2-A074-408D-802E-67CBF7061053}.Release|Any CPU.Build.0 = Release|Any CPU
		{6AF569F2-A074-408D-802E-67CBF7061053}.TestDeployRelease|Any CPU.ActiveCfg = Release|Any CPU
	EndGlobalSection
	GlobalSection(SolutionProperties) = preSolution
		HideSolutionNode = FALSE
	EndGlobalSection
	GlobalSection(NestedProjects) = preSolution
		{A1B67E57-2188-4644-8569-8BC8FC72EF4C} = {5CB6C604-E0D6-40AF-B2E6-E7FAB05E25A5}
		{73A6E9CF-A4F9-45D3-84AD-B149C488FF6F} = {DDDBCDFB-21AA-45C3-8A1E-7B5A3944546B}
		{9BAC608C-3686-4037-A247-5EB9D22887F3} = {5CB6C604-E0D6-40AF-B2E6-E7FAB05E25A5}
		{348DA4CE-1365-4C03-A65B-F8913F798A70} = {2BF17902-22E0-4002-9353-FD4DF2AAB704}
		{43BCEDA5-B1AB-4FCD-ADD7-3D2D884BD366} = {2BF17902-22E0-4002-9353-FD4DF2AAB704}
		{9448F71B-89F7-468D-9D92-7C90EAB15B50} = {BC344D99-D68E-46BF-8292-701691DCAC32}
		{35FA4B6A-421B-4DE2-9D6F-EFE4B54C236B} = {BC344D99-D68E-46BF-8292-701691DCAC32}
		{69104D14-B564-49ED-932B-EBDDC24E9D20} = {2BF17902-22E0-4002-9353-FD4DF2AAB704}
		{14EE3645-A784-4DC1-B08E-A1C18A4CA443} = {2BF17902-22E0-4002-9353-FD4DF2AAB704}
		{8CC629B3-88E4-42E4-AE45-B63D20BAB0EE} = {E9A8C38B-C7FB-4445-91E9-4819808A88DA}
		{52E151B1-2B04-4C23-A361-4BE806191067} = {E9A8C38B-C7FB-4445-91E9-4819808A88DA}
		{D7426346-1882-4E4C-9E23-09F6955AF587} = {E9A8C38B-C7FB-4445-91E9-4819808A88DA}
		{7905DA86-186F-4D3B-8D13-68DF6ED7C31B} = {DDDBCDFB-21AA-45C3-8A1E-7B5A3944546B}
		{2960B31E-4C0B-485B-A5F9-614F121FAA5B} = {DDDBCDFB-21AA-45C3-8A1E-7B5A3944546B}
		{B19384B4-AA82-4A77-91AD-D094D31C994B} = {DDDBCDFB-21AA-45C3-8A1E-7B5A3944546B}
		{D2D1CFC9-22F8-4387-92FF-AA7D03F24E49} = {E9A8C38B-C7FB-4445-91E9-4819808A88DA}
		{D78569E5-4442-4087-8D8F-ED793A487FCD} = {DDDBCDFB-21AA-45C3-8A1E-7B5A3944546B}
		{33FBBF9B-C7F4-4F91-99D9-335A18C2609D} = {DDDBCDFB-21AA-45C3-8A1E-7B5A3944546B}
		{6AF569F2-A074-408D-802E-67CBF7061053} = {E9A8C38B-C7FB-4445-91E9-4819808A88DA}
	EndGlobalSection
	GlobalSection(ExtensibilityGlobals) = postSolution
		SolutionGuid = {AD96C528-E783-45D1-9289-5840607D3317}
	EndGlobalSection
EndGlobal
