Microsoft Visual Studio Solution File, Format Version 12.00
# Visual Studio 14
VisualStudioVersion = 14.0.25420.1
MinimumVisualStudioVersion = 10.0.40219.1
Project("{FAE04EC0-301F-11D3-BF4B-00C04F79EFBC}") = "GPAS.SearchServer.Logic", "Servers\Search Server\GPAS.SearchServer.Logic\GPAS.SearchServer.Logic.csproj", "{7E1D1710-DCA7-4C8E-8087-6504651551AE}"
EndProject
Project("{FAE04EC0-301F-11D3-BF4B-00C04F79EFBC}") = "GPAS.SearchServer.Entities", "Servers\Search Server\GPAS.SearchServer.Entities\GPAS.SearchServer.Entities.csproj", "{FD6975B8-4E11-4A72-BCA7-BDBC39238D87}"
EndProject
Project("{FAE04EC0-301F-11D3-BF4B-00C04F79EFBC}") = "GPAS.SearchServer.Access", "Servers\Search Server\GPAS.SearchServer.Data\GPAS.SearchServer.Access.csproj", "{EB42D182-FBCE-49EB-84C0-3AF72332FD42}"
EndProject
Project("{FAE04EC0-301F-11D3-BF4B-00C04F79EFBC}") = "GPAS.SearchServer", "Servers\Search Server\GPAS.SearchServer\GPAS.SearchServer.csproj", "{EFB29C56-720A-4F39-AF5F-52165E3A1F51}"
EndProject
Project("{FAE04EC0-301F-11D3-BF4B-00C04F79EFBC}") = "GPAS.SearchServer.IISHost", "Servers\Search Server\GPAS.SearchServer.IISHost\GPAS.SearchServer.IISHost.csproj", "{4D91C27C-68C1-4DDE-AF1B-D149E147906E}"
EndProject
Project("{FAE04EC0-301F-11D3-BF4B-00C04F79EFBC}") = "GPAS.PropertiesValidation", "PropertiesValidation\GPAS.PropertiesValidation\GPAS.PropertiesValidation.csproj", "{7EB45CF8-E353-4284-AC19-AA1C14B525DD}"
EndProject
Project("{FAE04EC0-301F-11D3-BF4B-00C04F79EFBC}") = "GPAS.SearchServer.LogicTests", "Servers\Search Server\GPAS.SearchServer.LogicTests\GPAS.SearchServer.LogicTests.csproj", "{E6CD6B29-2C5F-4D9F-898F-843CAA0AC3AD}"
EndProject
Project("{2150E333-8FDC-42A3-9474-1A3956D46DE8}") = "Service Layer", "Service Layer", "{0C587F10-6D8F-4676-BC4D-4CDD9DD6AB11}"
EndProject
Project("{2150E333-8FDC-42A3-9474-1A3956D46DE8}") = "Logic", "Logic", "{F1B58854-87A5-4D1C-A861-876AA40E2278}"
EndProject
Project("{2150E333-8FDC-42A3-9474-1A3956D46DE8}") = "Access Layer", "Access Layer", "{1AD2F6E8-9F17-48A3-BA3D-87368A586058}"
EndProject
Project("{2150E333-8FDC-42A3-9474-1A3956D46DE8}") = "Tests", "Tests", "{07E0D901-2917-4BD5-BB45-053BB2D105DE}"
EndProject
Project("{2150E333-8FDC-42A3-9474-1A3956D46DE8}") = "Shared Liberaries", "Shared Liberaries", "{7E5CFECB-F379-4176-B91A-41E1AE81632C}"
EndProject
Project("{FAE04EC0-301F-11D3-BF4B-00C04F79EFBC}") = "GPAS.DataImport", "DataImport\GPAS.DataImport.csproj", "{73A6E9CF-A4F9-45D3-84AD-B149C488FF6F}"
EndProject
Project("{FAE04EC0-301F-11D3-BF4B-00C04F79EFBC}") = "GPAS.Logger", "GPAS.Logger\GPAS.Logger.csproj", "{7905DA86-186F-4D3B-8D13-68DF6ED7C31B}"
EndProject
Project("{FAE04EC0-301F-11D3-BF4B-00C04F79EFBC}") = "GPAS.Dispatch.Entities.Concepts", "Servers\Dispatch\Entities.Concepts\GPAS.Dispatch.Entities.Concepts.csproj", "{2960B31E-4C0B-485B-A5F9-614F121FAA5B}"
EndProject
Project("{FAE04EC0-301F-11D3-BF4B-00C04F79EFBC}") = "GPAS.Dispatch.Entities.Publish", "Servers\Dispatch\Entities.Publish\GPAS.Dispatch.Entities.Publish.csproj", "{B19384B4-AA82-4A77-91AD-D094D31C994B}"
EndProject
Project("{FAE04EC0-301F-11D3-BF4B-00C04F79EFBC}") = "GPAS.SearchServer.AccessTests", "Servers\Search Server\GPAS.SearchServer.AccessTests\GPAS.SearchServer.AccessTests.csproj", "{21DFD9FE-0002-4C11-89B8-0CB371F98833}"
EndProject
Project("{FAE04EC0-301F-11D3-BF4B-00C04F79EFBC}") = "GPAS.FilterSearch", "FilterSearch\GPAS.FilterSearch.csproj", "{7FC50142-43A1-4ADA-8AA0-C0869D2F793C}"
EndProject
Project("{FAE04EC0-301F-11D3-BF4B-00C04F79EFBC}") = "GPAS.FilterSearchTests", "FilterSearchTests\GPAS.FilterSearchTests.csproj", "{29D62EF2-D34E-463F-82F1-AD768C1567ED}"
EndProject
Project("{2150E333-8FDC-42A3-9474-1A3956D46DE8}") = "Admin Tools", "Admin Tools", "{CA9B39BB-93B6-49C8-BE75-CF1B0468E1DB}"
EndProject
Project("{FAE04EC0-301F-11D3-BF4B-00C04F79EFBC}") = "SearchServerManager", "Servers\Search Server\GPAS.SearchServer.AdminTools\SearchServerManager.csproj", "{204C583A-1E79-417B-AE1C-7D926DB258D7}"
EndProject
Project("{FAE04EC0-301F-11D3-BF4B-00C04F79EFBC}") = "GPAS.AccessControl", "AccessControl\GPAS.AccessControl\GPAS.AccessControl.csproj", "{33FBBF9B-C7F4-4F91-99D9-335A18C2609D}"
EndProject
Project("{FAE04EC0-301F-11D3-BF4B-00C04F79EFBC}") = "GPAS.Ontology", "GPAS.Ontology\GPAS.Ontology.csproj", "{C7C4F25F-18CF-4F2F-8638-39DEB1CAFF1A}"
EndProject
Project("{FAE04EC0-301F-11D3-BF4B-00C04F79EFBC}") = "GPAS.Utility", "GPAS.Utility\GPAS.Utility.csproj", "{000A2D3B-E6FE-4A50-BB93-FE589E3421EF}"
EndProject
Project("{FAE04EC0-301F-11D3-BF4B-00C04F79EFBC}") = "GPAS.GeoSearch", "GPAS.GeoSearch\GPAS.GeoSearch.csproj", "{DC917467-DE53-4BAC-90A2-B241BB44623E}"
EndProject
Project("{FAE04EC0-301F-11D3-BF4B-00C04F79EFBC}") = "GPAS.UtilityTests", "GPAS.UtilityTests\GPAS.UtilityTests.csproj", "{AC850760-4335-4C60-8625-4EC5A7FD30FC}"
EndProject
Project("{FAE04EC0-301F-11D3-BF4B-00C04F79EFBC}") = "GPAS.DataSynchronization", "GPAS.DataSynchronization\GPAS.DataSynchronization.csproj", "{1FD1E665-3B11-4C6C-BB05-A3CCF57275A5}"
EndProject
Global
	GlobalSection(SolutionConfigurationPlatforms) = preSolution
		Debug|Any CPU = Debug|Any CPU
		DevelopDeployDebug|Any CPU = DevelopDeployDebug|Any CPU
		Release|Any CPU = Release|Any CPU
		TestDeployRelease|Any CPU = TestDeployRelease|Any CPU
	EndGlobalSection
	GlobalSection(ProjectConfigurationPlatforms) = postSolution
		{7E1D1710-DCA7-4C8E-8087-6504651551AE}.Debug|Any CPU.ActiveCfg = Debug|Any CPU
		{7E1D1710-DCA7-4C8E-8087-6504651551AE}.Debug|Any CPU.Build.0 = Debug|Any CPU
		{7E1D1710-DCA7-4C8E-8087-6504651551AE}.DevelopDeployDebug|Any CPU.ActiveCfg = Debug|Any CPU
		{7E1D1710-DCA7-4C8E-8087-6504651551AE}.DevelopDeployDebug|Any CPU.Build.0 = Debug|Any CPU
		{7E1D1710-DCA7-4C8E-8087-6504651551AE}.Release|Any CPU.ActiveCfg = Release|Any CPU
		{7E1D1710-DCA7-4C8E-8087-6504651551AE}.Release|Any CPU.Build.0 = Release|Any CPU
		{7E1D1710-DCA7-4C8E-8087-6504651551AE}.TestDeployRelease|Any CPU.ActiveCfg = Release|Any CPU
		{7E1D1710-DCA7-4C8E-8087-6504651551AE}.TestDeployRelease|Any CPU.Build.0 = Release|Any CPU
		{FD6975B8-4E11-4A72-BCA7-BDBC39238D87}.Debug|Any CPU.ActiveCfg = Debug|Any CPU
		{FD6975B8-4E11-4A72-BCA7-BDBC39238D87}.Debug|Any CPU.Build.0 = Debug|Any CPU
		{FD6975B8-4E11-4A72-BCA7-BDBC39238D87}.DevelopDeployDebug|Any CPU.ActiveCfg = Debug|Any CPU
		{FD6975B8-4E11-4A72-BCA7-BDBC39238D87}.DevelopDeployDebug|Any CPU.Build.0 = Debug|Any CPU
		{FD6975B8-4E11-4A72-BCA7-BDBC39238D87}.Release|Any CPU.ActiveCfg = Release|Any CPU
		{FD6975B8-4E11-4A72-BCA7-BDBC39238D87}.Release|Any CPU.Build.0 = Release|Any CPU
		{FD6975B8-4E11-4A72-BCA7-BDBC39238D87}.TestDeployRelease|Any CPU.ActiveCfg = Release|Any CPU
		{FD6975B8-4E11-4A72-BCA7-BDBC39238D87}.TestDeployRelease|Any CPU.Build.0 = Release|Any CPU
		{EB42D182-FBCE-49EB-84C0-3AF72332FD42}.Debug|Any CPU.ActiveCfg = Debug|Any CPU
		{EB42D182-FBCE-49EB-84C0-3AF72332FD42}.Debug|Any CPU.Build.0 = Debug|Any CPU
		{EB42D182-FBCE-49EB-84C0-3AF72332FD42}.DevelopDeployDebug|Any CPU.ActiveCfg = Debug|Any CPU
		{EB42D182-FBCE-49EB-84C0-3AF72332FD42}.DevelopDeployDebug|Any CPU.Build.0 = Debug|Any CPU
		{EB42D182-FBCE-49EB-84C0-3AF72332FD42}.Release|Any CPU.ActiveCfg = Release|Any CPU
		{EB42D182-FBCE-49EB-84C0-3AF72332FD42}.Release|Any CPU.Build.0 = Release|Any CPU
		{EB42D182-FBCE-49EB-84C0-3AF72332FD42}.TestDeployRelease|Any CPU.ActiveCfg = Release|Any CPU
		{EB42D182-FBCE-49EB-84C0-3AF72332FD42}.TestDeployRelease|Any CPU.Build.0 = Release|Any CPU
		{EFB29C56-720A-4F39-AF5F-52165E3A1F51}.Debug|Any CPU.ActiveCfg = Debug|Any CPU
		{EFB29C56-720A-4F39-AF5F-52165E3A1F51}.Debug|Any CPU.Build.0 = Debug|Any CPU
		{EFB29C56-720A-4F39-AF5F-52165E3A1F51}.DevelopDeployDebug|Any CPU.ActiveCfg = Debug|Any CPU
		{EFB29C56-720A-4F39-AF5F-52165E3A1F51}.DevelopDeployDebug|Any CPU.Build.0 = Debug|Any CPU
		{EFB29C56-720A-4F39-AF5F-52165E3A1F51}.Release|Any CPU.ActiveCfg = Release|Any CPU
		{EFB29C56-720A-4F39-AF5F-52165E3A1F51}.Release|Any CPU.Build.0 = Release|Any CPU
		{EFB29C56-720A-4F39-AF5F-52165E3A1F51}.TestDeployRelease|Any CPU.ActiveCfg = Release|Any CPU
		{EFB29C56-720A-4F39-AF5F-52165E3A1F51}.TestDeployRelease|Any CPU.Build.0 = Release|Any CPU
		{4D91C27C-68C1-4DDE-AF1B-D149E147906E}.Debug|Any CPU.ActiveCfg = Debug|Any CPU
		{4D91C27C-68C1-4DDE-AF1B-D149E147906E}.Debug|Any CPU.Build.0 = Debug|Any CPU
		{4D91C27C-68C1-4DDE-AF1B-D149E147906E}.DevelopDeployDebug|Any CPU.ActiveCfg = DevelopDeployDebug|Any CPU
		{4D91C27C-68C1-4DDE-AF1B-D149E147906E}.DevelopDeployDebug|Any CPU.Build.0 = DevelopDeployDebug|Any CPU
		{4D91C27C-68C1-4DDE-AF1B-D149E147906E}.Release|Any CPU.ActiveCfg = Release|Any CPU
		{4D91C27C-68C1-4DDE-AF1B-D149E147906E}.Release|Any CPU.Build.0 = Release|Any CPU
		{4D91C27C-68C1-4DDE-AF1B-D149E147906E}.TestDeployRelease|Any CPU.ActiveCfg = TestDeployRelease|Any CPU
		{4D91C27C-68C1-4DDE-AF1B-D149E147906E}.TestDeployRelease|Any CPU.Build.0 = TestDeployRelease|Any CPU
		{7EB45CF8-E353-4284-AC19-AA1C14B525DD}.Debug|Any CPU.ActiveCfg = Debug|Any CPU
		{7EB45CF8-E353-4284-AC19-AA1C14B525DD}.Debug|Any CPU.Build.0 = Debug|Any CPU
		{7EB45CF8-E353-4284-AC19-AA1C14B525DD}.DevelopDeployDebug|Any CPU.ActiveCfg = Debug|Any CPU
		{7EB45CF8-E353-4284-AC19-AA1C14B525DD}.DevelopDeployDebug|Any CPU.Build.0 = Debug|Any CPU
		{7EB45CF8-E353-4284-AC19-AA1C14B525DD}.Release|Any CPU.ActiveCfg = Release|Any CPU
		{7EB45CF8-E353-4284-AC19-AA1C14B525DD}.Release|Any CPU.Build.0 = Release|Any CPU
		{7EB45CF8-E353-4284-AC19-AA1C14B525DD}.TestDeployRelease|Any CPU.ActiveCfg = Release|Any CPU
		{7EB45CF8-E353-4284-AC19-AA1C14B525DD}.TestDeployRelease|Any CPU.Build.0 = Release|Any CPU
		{E6CD6B29-2C5F-4D9F-898F-843CAA0AC3AD}.Debug|Any CPU.ActiveCfg = Debug|Any CPU
		{E6CD6B29-2C5F-4D9F-898F-843CAA0AC3AD}.Debug|Any CPU.Build.0 = Debug|Any CPU
		{E6CD6B29-2C5F-4D9F-898F-843CAA0AC3AD}.DevelopDeployDebug|Any CPU.ActiveCfg = Debug|Any CPU
		{E6CD6B29-2C5F-4D9F-898F-843CAA0AC3AD}.Release|Any CPU.ActiveCfg = Release|Any CPU
		{E6CD6B29-2C5F-4D9F-898F-843CAA0AC3AD}.Release|Any CPU.Build.0 = Release|Any CPU
		{E6CD6B29-2C5F-4D9F-898F-843CAA0AC3AD}.TestDeployRelease|Any CPU.ActiveCfg = Release|Any CPU
		{73A6E9CF-A4F9-45D3-84AD-B149C488FF6F}.Debug|Any CPU.ActiveCfg = Debug|Any CPU
		{73A6E9CF-A4F9-45D3-84AD-B149C488FF6F}.Debug|Any CPU.Build.0 = Debug|Any CPU
		{73A6E9CF-A4F9-45D3-84AD-B149C488FF6F}.DevelopDeployDebug|Any CPU.ActiveCfg = Debug|Any CPU
		{73A6E9CF-A4F9-45D3-84AD-B149C488FF6F}.DevelopDeployDebug|Any CPU.Build.0 = Debug|Any CPU
		{73A6E9CF-A4F9-45D3-84AD-B149C488FF6F}.Release|Any CPU.ActiveCfg = Release|Any CPU
		{73A6E9CF-A4F9-45D3-84AD-B149C488FF6F}.Release|Any CPU.Build.0 = Release|Any CPU
		{73A6E9CF-A4F9-45D3-84AD-B149C488FF6F}.TestDeployRelease|Any CPU.ActiveCfg = Release|Any CPU
		{73A6E9CF-A4F9-45D3-84AD-B149C488FF6F}.TestDeployRelease|Any CPU.Build.0 = Release|Any CPU
		{7905DA86-186F-4D3B-8D13-68DF6ED7C31B}.Debug|Any CPU.ActiveCfg = Debug|Any CPU
		{7905DA86-186F-4D3B-8D13-68DF6ED7C31B}.Debug|Any CPU.Build.0 = Debug|Any CPU
		{7905DA86-186F-4D3B-8D13-68DF6ED7C31B}.DevelopDeployDebug|Any CPU.ActiveCfg = Debug|Any CPU
		{7905DA86-186F-4D3B-8D13-68DF6ED7C31B}.DevelopDeployDebug|Any CPU.Build.0 = Debug|Any CPU
		{7905DA86-186F-4D3B-8D13-68DF6ED7C31B}.Release|Any CPU.ActiveCfg = Release|Any CPU
		{7905DA86-186F-4D3B-8D13-68DF6ED7C31B}.Release|Any CPU.Build.0 = Release|Any CPU
		{7905DA86-186F-4D3B-8D13-68DF6ED7C31B}.TestDeployRelease|Any CPU.ActiveCfg = Release|Any CPU
		{7905DA86-186F-4D3B-8D13-68DF6ED7C31B}.TestDeployRelease|Any CPU.Build.0 = Release|Any CPU
		{2960B31E-4C0B-485B-A5F9-614F121FAA5B}.Debug|Any CPU.ActiveCfg = Debug|Any CPU
		{2960B31E-4C0B-485B-A5F9-614F121FAA5B}.Debug|Any CPU.Build.0 = Debug|Any CPU
		{2960B31E-4C0B-485B-A5F9-614F121FAA5B}.DevelopDeployDebug|Any CPU.ActiveCfg = Debug|Any CPU
		{2960B31E-4C0B-485B-A5F9-614F121FAA5B}.DevelopDeployDebug|Any CPU.Build.0 = Debug|Any CPU
		{2960B31E-4C0B-485B-A5F9-614F121FAA5B}.Release|Any CPU.ActiveCfg = Release|Any CPU
		{2960B31E-4C0B-485B-A5F9-614F121FAA5B}.Release|Any CPU.Build.0 = Release|Any CPU
		{2960B31E-4C0B-485B-A5F9-614F121FAA5B}.TestDeployRelease|Any CPU.ActiveCfg = Release|Any CPU
		{2960B31E-4C0B-485B-A5F9-614F121FAA5B}.TestDeployRelease|Any CPU.Build.0 = Release|Any CPU
		{B19384B4-AA82-4A77-91AD-D094D31C994B}.Debug|Any CPU.ActiveCfg = Debug|Any CPU
		{B19384B4-AA82-4A77-91AD-D094D31C994B}.Debug|Any CPU.Build.0 = Debug|Any CPU
		{B19384B4-AA82-4A77-91AD-D094D31C994B}.DevelopDeployDebug|Any CPU.ActiveCfg = Debug|Any CPU
		{B19384B4-AA82-4A77-91AD-D094D31C994B}.DevelopDeployDebug|Any CPU.Build.0 = Debug|Any CPU
		{B19384B4-AA82-4A77-91AD-D094D31C994B}.Release|Any CPU.ActiveCfg = Release|Any CPU
		{B19384B4-AA82-4A77-91AD-D094D31C994B}.Release|Any CPU.Build.0 = Release|Any CPU
		{B19384B4-AA82-4A77-91AD-D094D31C994B}.TestDeployRelease|Any CPU.ActiveCfg = Release|Any CPU
		{B19384B4-AA82-4A77-91AD-D094D31C994B}.TestDeployRelease|Any CPU.Build.0 = Release|Any CPU
		{21DFD9FE-0002-4C11-89B8-0CB371F98833}.Debug|Any CPU.ActiveCfg = Debug|Any CPU
		{21DFD9FE-0002-4C11-89B8-0CB371F98833}.Debug|Any CPU.Build.0 = Debug|Any CPU
		{21DFD9FE-0002-4C11-89B8-0CB371F98833}.DevelopDeployDebug|Any CPU.ActiveCfg = Debug|Any CPU
		{21DFD9FE-0002-4C11-89B8-0CB371F98833}.Release|Any CPU.ActiveCfg = Release|Any CPU
		{21DFD9FE-0002-4C11-89B8-0CB371F98833}.Release|Any CPU.Build.0 = Release|Any CPU
		{21DFD9FE-0002-4C11-89B8-0CB371F98833}.TestDeployRelease|Any CPU.ActiveCfg = Release|Any CPU
		{7FC50142-43A1-4ADA-8AA0-C0869D2F793C}.Debug|Any CPU.ActiveCfg = Debug|Any CPU
		{7FC50142-43A1-4ADA-8AA0-C0869D2F793C}.Debug|Any CPU.Build.0 = Debug|Any CPU
		{7FC50142-43A1-4ADA-8AA0-C0869D2F793C}.DevelopDeployDebug|Any CPU.ActiveCfg = Debug|Any CPU
		{7FC50142-43A1-4ADA-8AA0-C0869D2F793C}.DevelopDeployDebug|Any CPU.Build.0 = Debug|Any CPU
		{7FC50142-43A1-4ADA-8AA0-C0869D2F793C}.Release|Any CPU.ActiveCfg = Release|Any CPU
		{7FC50142-43A1-4ADA-8AA0-C0869D2F793C}.Release|Any CPU.Build.0 = Release|Any CPU
		{7FC50142-43A1-4ADA-8AA0-C0869D2F793C}.TestDeployRelease|Any CPU.ActiveCfg = Release|Any CPU
		{7FC50142-43A1-4ADA-8AA0-C0869D2F793C}.TestDeployRelease|Any CPU.Build.0 = Release|Any CPU
		{29D62EF2-D34E-463F-82F1-AD768C1567ED}.Debug|Any CPU.ActiveCfg = Debug|Any CPU
		{29D62EF2-D34E-463F-82F1-AD768C1567ED}.Debug|Any CPU.Build.0 = Debug|Any CPU
		{29D62EF2-D34E-463F-82F1-AD768C1567ED}.DevelopDeployDebug|Any CPU.ActiveCfg = Debug|Any CPU
		{29D62EF2-D34E-463F-82F1-AD768C1567ED}.Release|Any CPU.ActiveCfg = Release|Any CPU
		{29D62EF2-D34E-463F-82F1-AD768C1567ED}.Release|Any CPU.Build.0 = Release|Any CPU
		{29D62EF2-D34E-463F-82F1-AD768C1567ED}.TestDeployRelease|Any CPU.ActiveCfg = Release|Any CPU
		{204C583A-1E79-417B-AE1C-7D926DB258D7}.Debug|Any CPU.ActiveCfg = Debug|Any CPU
		{204C583A-1E79-417B-AE1C-7D926DB258D7}.Debug|Any CPU.Build.0 = Debug|Any CPU
		{204C583A-1E79-417B-AE1C-7D926DB258D7}.DevelopDeployDebug|Any CPU.ActiveCfg = DevelopDeployDebug|Any CPU
		{204C583A-1E79-417B-AE1C-7D926DB258D7}.DevelopDeployDebug|Any CPU.Build.0 = DevelopDeployDebug|Any CPU
		{204C583A-1E79-417B-AE1C-7D926DB258D7}.Release|Any CPU.ActiveCfg = Release|Any CPU
		{204C583A-1E79-417B-AE1C-7D926DB258D7}.Release|Any CPU.Build.0 = Release|Any CPU
		{204C583A-1E79-417B-AE1C-7D926DB258D7}.TestDeployRelease|Any CPU.ActiveCfg = TestDeployRelease|Any CPU
		{204C583A-1E79-417B-AE1C-7D926DB258D7}.TestDeployRelease|Any CPU.Build.0 = TestDeployRelease|Any CPU
		{33FBBF9B-C7F4-4F91-99D9-335A18C2609D}.Debug|Any CPU.ActiveCfg = Debug|Any CPU
		{33FBBF9B-C7F4-4F91-99D9-335A18C2609D}.Debug|Any CPU.Build.0 = Debug|Any CPU
		{33FBBF9B-C7F4-4F91-99D9-335A18C2609D}.DevelopDeployDebug|Any CPU.ActiveCfg = Debug|Any CPU
		{33FBBF9B-C7F4-4F91-99D9-335A18C2609D}.DevelopDeployDebug|Any CPU.Build.0 = Debug|Any CPU
		{33FBBF9B-C7F4-4F91-99D9-335A18C2609D}.Release|Any CPU.ActiveCfg = Release|Any CPU
		{33FBBF9B-C7F4-4F91-99D9-335A18C2609D}.Release|Any CPU.Build.0 = Release|Any CPU
		{33FBBF9B-C7F4-4F91-99D9-335A18C2609D}.TestDeployRelease|Any CPU.ActiveCfg = Release|Any CPU
		{33FBBF9B-C7F4-4F91-99D9-335A18C2609D}.TestDeployRelease|Any CPU.Build.0 = Release|Any CPU
		{C7C4F25F-18CF-4F2F-8638-39DEB1CAFF1A}.Debug|Any CPU.ActiveCfg = Debug|Any CPU
		{C7C4F25F-18CF-4F2F-8638-39DEB1CAFF1A}.Debug|Any CPU.Build.0 = Debug|Any CPU
		{C7C4F25F-18CF-4F2F-8638-39DEB1CAFF1A}.DevelopDeployDebug|Any CPU.ActiveCfg = Debug|Any CPU
		{C7C4F25F-18CF-4F2F-8638-39DEB1CAFF1A}.DevelopDeployDebug|Any CPU.Build.0 = Debug|Any CPU
		{C7C4F25F-18CF-4F2F-8638-39DEB1CAFF1A}.Release|Any CPU.ActiveCfg = Release|Any CPU
		{C7C4F25F-18CF-4F2F-8638-39DEB1CAFF1A}.Release|Any CPU.Build.0 = Release|Any CPU
		{C7C4F25F-18CF-4F2F-8638-39DEB1CAFF1A}.TestDeployRelease|Any CPU.ActiveCfg = Release|Any CPU
		{C7C4F25F-18CF-4F2F-8638-39DEB1CAFF1A}.TestDeployRelease|Any CPU.Build.0 = Release|Any CPU
		{000A2D3B-E6FE-4A50-BB93-FE589E3421EF}.Debug|Any CPU.ActiveCfg = Debug|Any CPU
		{000A2D3B-E6FE-4A50-BB93-FE589E3421EF}.Debug|Any CPU.Build.0 = Debug|Any CPU
		{000A2D3B-E6FE-4A50-BB93-FE589E3421EF}.DevelopDeployDebug|Any CPU.ActiveCfg = Debug|Any CPU
		{000A2D3B-E6FE-4A50-BB93-FE589E3421EF}.DevelopDeployDebug|Any CPU.Build.0 = Debug|Any CPU
		{000A2D3B-E6FE-4A50-BB93-FE589E3421EF}.Release|Any CPU.ActiveCfg = Release|Any CPU
		{000A2D3B-E6FE-4A50-BB93-FE589E3421EF}.Release|Any CPU.Build.0 = Release|Any CPU
		{000A2D3B-E6FE-4A50-BB93-FE589E3421EF}.TestDeployRelease|Any CPU.ActiveCfg = Release|Any CPU
		{000A2D3B-E6FE-4A50-BB93-FE589E3421EF}.TestDeployRelease|Any CPU.Build.0 = Release|Any CPU
		{DC917467-DE53-4BAC-90A2-B241BB44623E}.Debug|Any CPU.ActiveCfg = Debug|Any CPU
		{DC917467-DE53-4BAC-90A2-B241BB44623E}.Debug|Any CPU.Build.0 = Debug|Any CPU
		{DC917467-DE53-4BAC-90A2-B241BB44623E}.DevelopDeployDebug|Any CPU.ActiveCfg = Debug|Any CPU
		{DC917467-DE53-4BAC-90A2-B241BB44623E}.DevelopDeployDebug|Any CPU.Build.0 = Debug|Any CPU
		{DC917467-DE53-4BAC-90A2-B241BB44623E}.Release|Any CPU.ActiveCfg = Release|Any CPU
		{DC917467-DE53-4BAC-90A2-B241BB44623E}.Release|Any CPU.Build.0 = Release|Any CPU
		{DC917467-DE53-4BAC-90A2-B241BB44623E}.TestDeployRelease|Any CPU.ActiveCfg = Release|Any CPU
		{DC917467-DE53-4BAC-90A2-B241BB44623E}.TestDeployRelease|Any CPU.Build.0 = Release|Any CPU
		{AC850760-4335-4C60-8625-4EC5A7FD30FC}.Debug|Any CPU.ActiveCfg = Debug|Any CPU
		{AC850760-4335-4C60-8625-4EC5A7FD30FC}.Debug|Any CPU.Build.0 = Debug|Any CPU
		{AC850760-4335-4C60-8625-4EC5A7FD30FC}.DevelopDeployDebug|Any CPU.ActiveCfg = Debug|Any CPU
		{AC850760-4335-4C60-8625-4EC5A7FD30FC}.Release|Any CPU.ActiveCfg = Release|Any CPU
		{AC850760-4335-4C60-8625-4EC5A7FD30FC}.Release|Any CPU.Build.0 = Release|Any CPU
		{AC850760-4335-4C60-8625-4EC5A7FD30FC}.TestDeployRelease|Any CPU.ActiveCfg = Release|Any CPU
		{1FD1E665-3B11-4C6C-BB05-A3CCF57275A5}.Debug|Any CPU.ActiveCfg = Debug|Any CPU
		{1FD1E665-3B11-4C6C-BB05-A3CCF57275A5}.Debug|Any CPU.Build.0 = Debug|Any CPU
		{1FD1E665-3B11-4C6C-BB05-A3CCF57275A5}.DevelopDeployDebug|Any CPU.ActiveCfg = Debug|Any CPU
		{1FD1E665-3B11-4C6C-BB05-A3CCF57275A5}.DevelopDeployDebug|Any CPU.Build.0 = Debug|Any CPU
		{1FD1E665-3B11-4C6C-BB05-A3CCF57275A5}.Release|Any CPU.ActiveCfg = Release|Any CPU
		{1FD1E665-3B11-4C6C-BB05-A3CCF57275A5}.Release|Any CPU.Build.0 = Release|Any CPU
		{1FD1E665-3B11-4C6C-BB05-A3CCF57275A5}.TestDeployRelease|Any CPU.ActiveCfg = Release|Any CPU
		{1FD1E665-3B11-4C6C-BB05-A3CCF57275A5}.TestDeployRelease|Any CPU.Build.0 = Release|Any CPU
	EndGlobalSection
	GlobalSection(SolutionProperties) = preSolution
		HideSolutionNode = FALSE
	EndGlobalSection
	GlobalSection(NestedProjects) = preSolution
		{7E1D1710-DCA7-4C8E-8087-6504651551AE} = {F1B58854-87A5-4D1C-A861-876AA40E2278}
		{FD6975B8-4E11-4A72-BCA7-BDBC39238D87} = {F1B58854-87A5-4D1C-A861-876AA40E2278}
		{EB42D182-FBCE-49EB-84C0-3AF72332FD42} = {1AD2F6E8-9F17-48A3-BA3D-87368A586058}
		{EFB29C56-720A-4F39-AF5F-52165E3A1F51} = {0C587F10-6D8F-4676-BC4D-4CDD9DD6AB11}
		{4D91C27C-68C1-4DDE-AF1B-D149E147906E} = {0C587F10-6D8F-4676-BC4D-4CDD9DD6AB11}
		{7EB45CF8-E353-4284-AC19-AA1C14B525DD} = {7E5CFECB-F379-4176-B91A-41E1AE81632C}
		{E6CD6B29-2C5F-4D9F-898F-843CAA0AC3AD} = {07E0D901-2917-4BD5-BB45-053BB2D105DE}
		{73A6E9CF-A4F9-45D3-84AD-B149C488FF6F} = {7E5CFECB-F379-4176-B91A-41E1AE81632C}
		{7905DA86-186F-4D3B-8D13-68DF6ED7C31B} = {7E5CFECB-F379-4176-B91A-41E1AE81632C}
		{2960B31E-4C0B-485B-A5F9-614F121FAA5B} = {7E5CFECB-F379-4176-B91A-41E1AE81632C}
		{B19384B4-AA82-4A77-91AD-D094D31C994B} = {7E5CFECB-F379-4176-B91A-41E1AE81632C}
		{21DFD9FE-0002-4C11-89B8-0CB371F98833} = {07E0D901-2917-4BD5-BB45-053BB2D105DE}
		{7FC50142-43A1-4ADA-8AA0-C0869D2F793C} = {7E5CFECB-F379-4176-B91A-41E1AE81632C}
		{29D62EF2-D34E-463F-82F1-AD768C1567ED} = {07E0D901-2917-4BD5-BB45-053BB2D105DE}
		{CA9B39BB-93B6-49C8-BE75-CF1B0468E1DB} = {0C587F10-6D8F-4676-BC4D-4CDD9DD6AB11}
		{204C583A-1E79-417B-AE1C-7D926DB258D7} = {CA9B39BB-93B6-49C8-BE75-CF1B0468E1DB}
		{33FBBF9B-C7F4-4F91-99D9-335A18C2609D} = {7E5CFECB-F379-4176-B91A-41E1AE81632C}
		{C7C4F25F-18CF-4F2F-8638-39DEB1CAFF1A} = {7E5CFECB-F379-4176-B91A-41E1AE81632C}
		{000A2D3B-E6FE-4A50-BB93-FE589E3421EF} = {7E5CFECB-F379-4176-B91A-41E1AE81632C}
		{DC917467-DE53-4BAC-90A2-B241BB44623E} = {7E5CFECB-F379-4176-B91A-41E1AE81632C}
		{AC850760-4335-4C60-8625-4EC5A7FD30FC} = {07E0D901-2917-4BD5-BB45-053BB2D105DE}
		{1FD1E665-3B11-4C6C-BB05-A3CCF57275A5} = {7E5CFECB-F379-4176-B91A-41E1AE81632C}
	EndGlobalSection
	GlobalSection(ExtensibilityGlobals) = postSolution
		SolutionGuid = {562AA378-D22C-4828-9AEA-65FBDF47E59A}
	EndGlobalSection
EndGlobal
