
Microsoft Visual Studio Solution File, Format Version 12.00
# Visual Studio 15
VisualStudioVersion = 15.0.28010.2048
MinimumVisualStudioVersion = 10.0.40219.1
Project("{FAE04EC0-301F-11D3-BF4B-00C04F79EFBC}") = "TimelineViewerDemo", "TimelineViewerDemo\TimelineViewerDemo.csproj", "{71F36E10-680C-4DC7-8F99-E6E3D5C9B714}"
EndProject
Project("{FAE04EC0-301F-11D3-BF4B-00C04F79EFBC}") = "GPAS.TimelineViewer", "..\..\GPAS.TimelineViewer\GPAS.TimelineViewer.csproj", "{13881AE2-56AB-4B4E-9876-7FE57889C663}"
EndProject
Project("{FAE04EC0-301F-11D3-BF4B-00C04F79EFBC}") = "GPAS.ColorPickerViewer", "..\..\GPAS.ColorPickerViewer\GPAS.ColorPickerViewer.csproj", "{19196356-BB61-45FF-B531-12697F3B9E45}"
EndProject
Global
	GlobalSection(SolutionConfigurationPlatforms) = preSolution
		Debug|Any CPU = Debug|Any CPU
		Release|Any CPU = Release|Any CPU
	EndGlobalSection
	GlobalSection(ProjectConfigurationPlatforms) = postSolution
		{71F36E10-680C-4DC7-8F99-E6E3D5C9B714}.Debug|Any CPU.ActiveCfg = Debug|Any CPU
		{71F36E10-680C-4DC7-8F99-E6E3D5C9B714}.Debug|Any CPU.Build.0 = Debug|Any CPU
		{71F36E10-680C-4DC7-8F99-E6E3D5C9B714}.Release|Any CPU.ActiveCfg = Release|Any CPU
		{71F36E10-680C-4DC7-8F99-E6E3D5C9B714}.Release|Any CPU.Build.0 = Release|Any CPU
		{13881AE2-56AB-4B4E-9876-7FE57889C663}.Debug|Any CPU.ActiveCfg = Debug|Any CPU
		{13881AE2-56AB-4B4E-9876-7FE57889C663}.Debug|Any CPU.Build.0 = Debug|Any CPU
		{13881AE2-56AB-4B4E-9876-7FE57889C663}.Release|Any CPU.ActiveCfg = Release|Any CPU
		{13881AE2-56AB-4B4E-9876-7FE57889C663}.Release|Any CPU.Build.0 = Release|Any CPU
		{19196356-BB61-45FF-B531-12697F3B9E45}.Debug|Any CPU.ActiveCfg = Debug|Any CPU
		{19196356-BB61-45FF-B531-12697F3B9E45}.Debug|Any CPU.Build.0 = Debug|Any CPU
		{19196356-BB61-45FF-B531-12697F3B9E45}.Release|Any CPU.ActiveCfg = Release|Any CPU
		{19196356-BB61-45FF-B531-12697F3B9E45}.Release|Any CPU.Build.0 = Release|Any CPU
	EndGlobalSection
	GlobalSection(SolutionProperties) = preSolution
		HideSolutionNode = FALSE
	EndGlobalSection
	GlobalSection(ExtensibilityGlobals) = postSolution
		SolutionGuid = {C5FCCAEC-10AB-4084-8CFC-D7FDB550F397}
	EndGlobalSection
EndGlobal
