
Microsoft Visual Studio Solution File, Format Version 12.00
# Visual Studio 14
VisualStudioVersion = 14.0.25420.1
MinimumVisualStudioVersion = 10.0.40219.1
Project("{FAE04EC0-301F-11D3-BF4B-00C04F79EFBC}") = "All2CsvConverter", "All2CsvConverter\All2CsvConverter.csproj", "{8E4A8D1A-2DD0-4CA3-8189-5C9267017D11}"
EndProject
Project("{2150E333-8FDC-42A3-9474-1A3956D46DE8}") = "User Tools", "User Tools", "{3748BA90-9A57-4E25-806E-F9D5BB4B7A34}"
EndProject
Project("{2150E333-8FDC-42A3-9474-1A3956D46DE8}") = "Admin Tools", "Admin Tools", "{95A5CE83-1ED0-4FA4-83B0-07022793255D}"
EndProject
Project("{2150E333-8FDC-42A3-9474-1A3956D46DE8}") = "Common", "Common", "{830B3F93-50AD-4E29-9522-E1E5E96FEDCD}"
	ProjectSection(SolutionItems) = preProject
		..\Common\AssemblyCopyright.cs = ..\Common\AssemblyCopyright.cs
		..\Common\AssemblyVersion.cs = ..\Common\AssemblyVersion.cs
	EndProjectSection
EndProject
Global
	GlobalSection(SolutionConfigurationPlatforms) = preSolution
		Debug|Any CPU = Debug|Any CPU
		Release|Any CPU = Release|Any CPU
	EndGlobalSection
	GlobalSection(ProjectConfigurationPlatforms) = postSolution
		{8E4A8D1A-2DD0-4CA3-8189-5C9267017D11}.Debug|Any CPU.ActiveCfg = Debug|Any CPU
		{8E4A8D1A-2DD0-4CA3-8189-5C9267017D11}.Debug|Any CPU.Build.0 = Debug|Any CPU
		{8E4A8D1A-2DD0-4CA3-8189-5C9267017D11}.Release|Any CPU.ActiveCfg = Release|Any CPU
		{8E4A8D1A-2DD0-4CA3-8189-5C9267017D11}.Release|Any CPU.Build.0 = Release|Any CPU
	EndGlobalSection
	GlobalSection(SolutionProperties) = preSolution
		HideSolutionNode = FALSE
	EndGlobalSection
	GlobalSection(NestedProjects) = preSolution
		{8E4A8D1A-2DD0-4CA3-8189-5C9267017D11} = {3748BA90-9A57-4E25-806E-F9D5BB4B7A34}
	EndGlobalSection
EndGlobal
